{
  "version": 4,
  "terraform_version": "0.12.28",
  "serial": 24,
  "lineage": "b5a21b5d-3673-1ad8-0b22-3b23da774012",
  "outputs": {},
  "resources": [
    {
      "mode": "managed",
      "type": "azurerm_network_interface",
      "name": "dc-backup-nic",
      "provider": "provider.azurerm",
      "instances": [
        {
          "schema_version": 0,
          "attributes": {
            "applied_dns_servers": [],
            "dns_servers": [],
            "enable_accelerated_networking": true,
            "enable_ip_forwarding": false,
            "id": "/subscriptions/8d680bce-ff5f-44c3-8cd3-aa877e9585f2/resourceGroups/harbakshsingh/providers/Microsoft.Network/networkInterfaces/win2k19-sf-dc02810",
            "internal_dns_name_label": "",
            "internal_fqdn": "",
            "ip_configuration": [
              {
                "application_gateway_backend_address_pools_ids": [],
                "application_security_group_ids": [],
                "load_balancer_backend_address_pools_ids": [],
                "load_balancer_inbound_nat_rules_ids": [],
                "name": "ipconfig1",
                "primary": true,
                "private_ip_address": "10.0.0.8",
                "private_ip_address_allocation": "dynamic",
                "private_ip_address_version": "IPv4",
                "public_ip_address_id": "/subscriptions/8d680bce-ff5f-44c3-8cd3-aa877e9585f2/resourceGroups/harbakshsingh/providers/Microsoft.Network/publicIPAddresses/Win2k19-SF-DC02-ip",
                "subnet_id": "/subscriptions/8d680bce-ff5f-44c3-8cd3-aa877e9585f2/resourceGroups/harbakshsingh/providers/Microsoft.Network/virtualNetworks/harbakshsingh-vnet/subnets/default"
              }
            ],
            "location": "uksouth",
            "mac_address": "00-22-48-3F-12-99",
            "name": "win2k19-sf-dc02810",
            "network_security_group_id": "/subscriptions/8d680bce-ff5f-44c3-8cd3-aa877e9585f2/resourceGroups/harbakshsingh/providers/Microsoft.Network/networkSecurityGroups/Win2k19-SF-DC02-nsg",
            "private_ip_address": "10.0.0.8",
            "private_ip_addresses": [
              "10.0.0.8"
            ],
            "resource_group_name": "harbakshsingh",
            "tags": {
              "role1": "storefront02",
              "role2": "deliverycontroller02",
              "role3": "director",
              "role4": "license-server"
            },
            "virtual_machine_id": "/subscriptions/8d680bce-ff5f-44c3-8cd3-aa877e9585f2/resourceGroups/harbakshsingh/providers/Microsoft.Compute/virtualMachines/Win2k19-SF-DC02"
          },
          "private": "eyJzY2hlbWFfdmVyc2lvbiI6IjAifQ=="
        }
      ]
    },
    {
      "mode": "managed",
      "type": "azurerm_network_interface",
      "name": "dc-nic",
      "provider": "provider.azurerm",
      "instances": [
        {
          "schema_version": 0,
          "attributes": {
            "applied_dns_servers": [],
            "dns_servers": [],
            "enable_accelerated_networking": true,
            "enable_ip_forwarding": false,
            "id": "/subscriptions/8d680bce-ff5f-44c3-8cd3-aa877e9585f2/resourceGroups/harbakshsingh/providers/Microsoft.Network/networkInterfaces/win2k19-dc01-ni",
            "internal_dns_name_label": "",
            "internal_fqdn": "",
            "ip_configuration": [
              {
                "application_gateway_backend_address_pools_ids": [],
                "application_security_group_ids": [],
                "load_balancer_backend_address_pools_ids": [],
                "load_balancer_inbound_nat_rules_ids": [],
                "name": "ipconfig1",
                "primary": true,
                "private_ip_address": "10.0.0.7",
                "private_ip_address_allocation": "dynamic",
                "private_ip_address_version": "IPv4",
                "public_ip_address_id": "/subscriptions/8d680bce-ff5f-44c3-8cd3-aa877e9585f2/resourceGroups/harbakshsingh/providers/Microsoft.Network/publicIPAddresses/WIn2k19-DC01-ip",
                "subnet_id": "/subscriptions/8d680bce-ff5f-44c3-8cd3-aa877e9585f2/resourceGroups/harbakshsingh/providers/Microsoft.Network/virtualNetworks/harbakshsingh-vnet/subnets/default"
              }
            ],
            "location": "uksouth",
            "mac_address": "00-22-48-3F-20-93",
            "name": "win2k19-dc01-ni",
            "network_security_group_id": "/subscriptions/8d680bce-ff5f-44c3-8cd3-aa877e9585f2/resourceGroups/harbakshsingh/providers/Microsoft.Network/networkSecurityGroups/WIn2k19-DC01-nsg",
            "private_ip_address": "10.0.0.7",
            "private_ip_addresses": [
              "10.0.0.7"
            ],
            "resource_group_name": "harbakshsingh",
            "tags": {},
            "virtual_machine_id": "/subscriptions/8d680bce-ff5f-44c3-8cd3-aa877e9585f2/resourceGroups/harbakshsingh/providers/Microsoft.Compute/virtualMachines/WIn2k19-DC01"
          },
          "private": "eyJzY2hlbWFfdmVyc2lvbiI6IjAifQ=="
        }
      ]
    },
    {
      "mode": "managed",
      "type": "azurerm_network_interface",
      "name": "domain-controller-nic",
      "provider": "provider.azurerm",
      "instances": [
        {
          "schema_version": 0,
          "attributes": {
            "applied_dns_servers": [],
            "dns_servers": [],
            "enable_accelerated_networking": false,
            "enable_ip_forwarding": false,
            "id": "/subscriptions/8d680bce-ff5f-44c3-8cd3-aa877e9585f2/resourceGroups/harbakshsingh/providers/Microsoft.Network/networkInterfaces/windows2016-ad578",
            "internal_dns_name_label": "",
            "internal_fqdn": "",
            "ip_configuration": [
              {
                "application_gateway_backend_address_pools_ids": [],
                "application_security_group_ids": [],
                "load_balancer_backend_address_pools_ids": [],
                "load_balancer_inbound_nat_rules_ids": [],
                "name": "ipconfig1",
                "primary": true,
                "private_ip_address": "10.0.0.4",
                "private_ip_address_allocation": "dynamic",
                "private_ip_address_version": "IPv4",
                "public_ip_address_id": "/subscriptions/8d680bce-ff5f-44c3-8cd3-aa877e9585f2/resourceGroups/harbakshsingh/providers/Microsoft.Network/publicIPAddresses/Windows2016-AD-ip",
                "subnet_id": "/subscriptions/8d680bce-ff5f-44c3-8cd3-aa877e9585f2/resourceGroups/harbakshsingh/providers/Microsoft.Network/virtualNetworks/harbakshsingh-vnet/subnets/default"
              }
            ],
            "location": "uksouth",
            "mac_address": "00-22-48-3F-78-86",
            "name": "windows2016-ad578",
            "network_security_group_id": "/subscriptions/8d680bce-ff5f-44c3-8cd3-aa877e9585f2/resourceGroups/harbakshsingh/providers/Microsoft.Network/networkSecurityGroups/Windows2016-AD-nsg",
            "private_ip_address": "10.0.0.4",
            "private_ip_addresses": [
              "10.0.0.4"
            ],
            "resource_group_name": "harbakshsingh",
            "tags": {},
            "virtual_machine_id": "/subscriptions/8d680bce-ff5f-44c3-8cd3-aa877e9585f2/resourceGroups/harbakshsingh/providers/Microsoft.Compute/virtualMachines/Windows2016-AD"
          },
          "private": "eyJzY2hlbWFfdmVyc2lvbiI6IjAifQ=="
        }
      ]
    },
    {
      "mode": "managed",
      "type": "azurerm_network_interface",
      "name": "mi-nic",
      "provider": "provider.azurerm",
      "instances": [
        {
          "schema_version": 0,
          "attributes": {
            "applied_dns_servers": [],
            "dns_servers": [],
            "enable_accelerated_networking": false,
            "enable_ip_forwarding": false,
            "id": "/subscriptions/8d680bce-ff5f-44c3-8cd3-aa877e9585f2/resourceGroups/harbakshsingh/providers/Microsoft.Network/networkInterfaces/win2k19-mi236",
            "internal_dns_name_label": "",
            "internal_fqdn": "",
            "ip_configuration": [
              {
                "application_gateway_backend_address_pools_ids": [],
                "application_security_group_ids": [],
                "load_balancer_backend_address_pools_ids": [],
                "load_balancer_inbound_nat_rules_ids": [],
                "name": "ipconfig1",
                "primary": true,
                "private_ip_address": "10.0.0.10",
                "private_ip_address_allocation": "dynamic",
                "private_ip_address_version": "IPv4",
                "public_ip_address_id": "/subscriptions/8d680bce-ff5f-44c3-8cd3-aa877e9585f2/resourceGroups/harbakshsingh/providers/Microsoft.Network/publicIPAddresses/Win2k19-MI-ip",
                "subnet_id": "/subscriptions/8d680bce-ff5f-44c3-8cd3-aa877e9585f2/resourceGroups/harbakshsingh/providers/Microsoft.Network/virtualNetworks/harbakshsingh-vnet/subnets/default"
              }
            ],
            "location": "uksouth",
            "mac_address": "00-22-48-3F-4B-DA",
            "name": "win2k19-mi236",
            "network_security_group_id": "/subscriptions/8d680bce-ff5f-44c3-8cd3-aa877e9585f2/resourceGroups/harbakshsingh/providers/Microsoft.Network/networkSecurityGroups/Win2k19-MI-nsg",
            "private_ip_address": "10.0.0.10",
            "private_ip_addresses": [
              "10.0.0.10"
            ],
            "resource_group_name": "harbakshsingh",
            "tags": {},
            "virtual_machine_id": "/subscriptions/8d680bce-ff5f-44c3-8cd3-aa877e9585f2/resourceGroups/harbakshsingh/providers/Microsoft.Compute/virtualMachines/Win2k19-MI"
          },
          "private": "eyJzY2hlbWFfdmVyc2lvbiI6IjAifQ=="
        }
      ]
    },
    {
      "mode": "managed",
      "type": "azurerm_network_interface",
      "name": "ns-nic",
      "provider": "provider.azurerm",
      "instances": [
        {
          "schema_version": 0,
          "attributes": {
            "applied_dns_servers": [],
            "dns_servers": [],
            "enable_accelerated_networking": false,
            "enable_ip_forwarding": false,
            "id": "/subscriptions/8d680bce-ff5f-44c3-8cd3-aa877e9585f2/resourceGroups/harbakshsingh/providers/Microsoft.Network/networkInterfaces/netscaler-12.1-vpx489",
            "internal_dns_name_label": "",
            "internal_fqdn": "",
            "ip_configuration": [
              {
                "application_gateway_backend_address_pools_ids": [],
                "application_security_group_ids": [],
                "load_balancer_backend_address_pools_ids": [],
                "load_balancer_inbound_nat_rules_ids": [],
                "name": "ipconfig1",
                "primary": true,
                "private_ip_address": "10.0.0.5",
                "private_ip_address_allocation": "dynamic",
                "private_ip_address_version": "IPv4",
                "public_ip_address_id": "/subscriptions/8d680bce-ff5f-44c3-8cd3-aa877e9585f2/resourceGroups/harbakshsingh/providers/Microsoft.Network/publicIPAddresses/Netscaler-12.1-VPX-ip",
                "subnet_id": "/subscriptions/8d680bce-ff5f-44c3-8cd3-aa877e9585f2/resourceGroups/harbakshsingh/providers/Microsoft.Network/virtualNetworks/harbakshsingh-vnet/subnets/default"
              }
            ],
            "location": "uksouth",
            "mac_address": "00-22-48-3E-F6-FA",
            "name": "netscaler-12.1-vpx489",
            "network_security_group_id": "/subscriptions/8d680bce-ff5f-44c3-8cd3-aa877e9585f2/resourceGroups/harbakshsingh/providers/Microsoft.Network/networkSecurityGroups/Netscaler-12.1-VPX-nsg",
            "private_ip_address": "10.0.0.5",
            "private_ip_addresses": [
              "10.0.0.5"
            ],
            "resource_group_name": "harbakshsingh",
            "tags": {},
            "virtual_machine_id": "/subscriptions/8d680bce-ff5f-44c3-8cd3-aa877e9585f2/resourceGroups/harbakshsingh/providers/Microsoft.Compute/virtualMachines/Netscaler-12.1-VPX"
          },
          "private": "eyJzY2hlbWFfdmVyc2lvbiI6IjAifQ=="
        }
      ]
    },
    {
      "mode": "managed",
      "type": "azurerm_network_interface",
      "name": "sf-nic",
      "provider": "provider.azurerm",
      "instances": [
        {
          "schema_version": 0,
          "attributes": {
            "applied_dns_servers": [],
            "dns_servers": [],
            "enable_accelerated_networking": true,
            "enable_ip_forwarding": false,
            "id": "/subscriptions/8d680bce-ff5f-44c3-8cd3-aa877e9585f2/resourceGroups/harbakshsingh/providers/Microsoft.Network/networkInterfaces/win2k19-sf01768",
            "internal_dns_name_label": "",
            "internal_fqdn": "",
            "ip_configuration": [
              {
                "application_gateway_backend_address_pools_ids": [],
                "application_security_group_ids": [],
                "load_balancer_backend_address_pools_ids": [],
                "load_balancer_inbound_nat_rules_ids": [],
                "name": "ipconfig1",
                "primary": true,
                "private_ip_address": "10.0.0.6",
                "private_ip_address_allocation": "dynamic",
                "private_ip_address_version": "IPv4",
                "public_ip_address_id": "/subscriptions/8d680bce-ff5f-44c3-8cd3-aa877e9585f2/resourceGroups/harbakshsingh/providers/Microsoft.Network/publicIPAddresses/WIn2k19-DC-SF-02-ip",
                "subnet_id": "/subscriptions/8d680bce-ff5f-44c3-8cd3-aa877e9585f2/resourceGroups/harbakshsingh/providers/Microsoft.Network/virtualNetworks/harbakshsingh-vnet/subnets/default"
              }
            ],
            "location": "uksouth",
            "mac_address": "00-22-48-3F-04-2F",
            "name": "win2k19-sf01768",
            "network_security_group_id": "/subscriptions/8d680bce-ff5f-44c3-8cd3-aa877e9585f2/resourceGroups/harbakshsingh/providers/Microsoft.Network/networkSecurityGroups/WIn2k19-SF01-nsg",
            "private_ip_address": "10.0.0.6",
            "private_ip_addresses": [
              "10.0.0.6"
            ],
            "resource_group_name": "harbakshsingh",
            "tags": {},
            "virtual_machine_id": "/subscriptions/8d680bce-ff5f-44c3-8cd3-aa877e9585f2/resourceGroups/harbakshsingh/providers/Microsoft.Compute/virtualMachines/WIn2k19-SF01"
          },
          "private": "eyJzY2hlbWFfdmVyc2lvbiI6IjAifQ=="
        }
      ]
    },
    {
      "mode": "managed",
      "type": "azurerm_network_security_group",
      "name": "DC-backup-nsg",
      "provider": "provider.azurerm",
      "instances": [
        {
          "schema_version": 0,
          "attributes": {
            "id": "/subscriptions/8d680bce-ff5f-44c3-8cd3-aa877e9585f2/resourceGroups/harbakshsingh/providers/Microsoft.Network/networkSecurityGroups/Win2k19-SF-DC02-nsg",
            "location": "uksouth",
            "name": "Win2k19-SF-DC02-nsg",
            "resource_group_name": "harbakshsingh",
            "security_rule": [
              {
                "access": "Allow",
                "description": "",
                "destination_address_prefix": "*",
                "destination_address_prefixes": [],
                "destination_application_security_group_ids": [],
                "destination_port_range": "*",
                "destination_port_ranges": [],
                "direction": "Inbound",
                "name": "ICMP",
                "priority": 1010,
                "protocol": "ICMP",
                "source_address_prefix": "*",
                "source_address_prefixes": [],
                "source_application_security_group_ids": [],
                "source_port_range": "*",
                "source_port_ranges": []
              },
              {
                "access": "Allow",
                "description": "",
                "destination_address_prefix": "*",
                "destination_address_prefixes": [],
                "destination_application_security_group_ids": [],
                "destination_port_range": "135-139",
                "destination_port_ranges": [],
                "direction": "Inbound",
                "name": "windows-smb",
                "priority": 1020,
                "protocol": "*",
                "source_address_prefix": "10.0.0.0/24",
                "source_address_prefixes": [],
                "source_application_security_group_ids": [],
                "source_port_range": "*",
                "source_port_ranges": []
              },
              {
                "access": "Allow",
                "description": "",
                "destination_address_prefix": "*",
                "destination_address_prefixes": [],
                "destination_application_security_group_ids": [],
                "destination_port_range": "3389",
                "destination_port_ranges": [],
                "direction": "Inbound",
                "name": "default-allow-rdp",
                "priority": 1000,
                "protocol": "TCP",
                "source_address_prefix": "*",
                "source_address_prefixes": [],
                "source_application_security_group_ids": [],
                "source_port_range": "*",
                "source_port_ranges": []
              }
            ],
            "tags": {
              "role1": "storefront02",
              "role2": "deliverycontroller02",
              "role3": "director",
              "role4": "license-server"
            }
          },
          "private": "eyJzY2hlbWFfdmVyc2lvbiI6IjAifQ=="
        }
      ]
    },
    {
      "mode": "managed",
      "type": "azurerm_network_security_group",
      "name": "DC01-nsg",
      "provider": "provider.azurerm",
      "instances": [
        {
          "schema_version": 0,
          "attributes": {
            "id": "/subscriptions/8d680bce-ff5f-44c3-8cd3-aa877e9585f2/resourceGroups/harbakshsingh/providers/Microsoft.Network/networkSecurityGroups/WIn2k19-DC01-nsg",
            "location": "uksouth",
            "name": "WIn2k19-DC01-nsg",
            "resource_group_name": "harbakshsingh",
            "security_rule": [
              {
                "access": "Allow",
                "description": "",
                "destination_address_prefix": "*",
                "destination_address_prefixes": [],
                "destination_application_security_group_ids": [],
                "destination_port_range": "3389",
                "destination_port_ranges": [],
                "direction": "Inbound",
                "name": "default-allow-rdp",
                "priority": 1000,
                "protocol": "TCP",
                "source_address_prefix": "*",
                "source_address_prefixes": [],
                "source_application_security_group_ids": [],
                "source_port_range": "*",
                "source_port_ranges": []
              }
            ],
            "tags": {}
          },
          "private": "eyJzY2hlbWFfdmVyc2lvbiI6IjAifQ=="
        }
      ]
    },
    {
      "mode": "managed",
      "type": "azurerm_network_security_group",
      "name": "DomainController-nsg",
      "provider": "provider.azurerm",
      "instances": [
        {
          "schema_version": 0,
          "attributes": {
            "id": "/subscriptions/8d680bce-ff5f-44c3-8cd3-aa877e9585f2/resourceGroups/harbakshsingh/providers/Microsoft.Network/networkSecurityGroups/Windows2016-AD-nsg",
            "location": "uksouth",
            "name": "Windows2016-AD-nsg",
            "resource_group_name": "harbakshsingh",
            "security_rule": [
              {
                "access": "Allow",
                "description": "",
                "destination_address_prefix": "*",
                "destination_address_prefixes": [],
                "destination_application_security_group_ids": [],
                "destination_port_range": "3389",
                "destination_port_ranges": [],
                "direction": "Inbound",
                "name": "RDP",
                "priority": 300,
                "protocol": "TCP",
                "source_address_prefix": "*",
                "source_address_prefixes": [],
                "source_application_security_group_ids": [],
                "source_port_range": "*",
                "source_port_ranges": []
              }
            ],
            "tags": {}
          },
          "private": "eyJzY2hlbWFfdmVyc2lvbiI6IjAifQ=="
        }
      ]
    },
    {
      "mode": "managed",
      "type": "azurerm_network_security_group",
      "name": "MI-nsg",
      "provider": "provider.azurerm",
      "instances": [
        {
          "schema_version": 0,
          "attributes": {
            "id": "/subscriptions/8d680bce-ff5f-44c3-8cd3-aa877e9585f2/resourceGroups/harbakshsingh/providers/Microsoft.Network/networkSecurityGroups/Win2k19-MI-nsg",
            "location": "uksouth",
            "name": "Win2k19-MI-nsg",
            "resource_group_name": "harbakshsingh",
            "security_rule": [
              {
                "access": "Allow",
                "description": "",
                "destination_address_prefix": "*",
                "destination_address_prefixes": [],
                "destination_application_security_group_ids": [],
                "destination_port_range": "3389",
                "destination_port_ranges": [],
                "direction": "Inbound",
                "name": "RDP",
                "priority": 300,
                "protocol": "TCP",
                "source_address_prefix": "*",
                "source_address_prefixes": [],
                "source_application_security_group_ids": [],
                "source_port_range": "*",
                "source_port_ranges": []
              }
            ],
            "tags": {}
          },
          "private": "eyJzY2hlbWFfdmVyc2lvbiI6IjAifQ=="
        }
      ]
    },
    {
      "mode": "managed",
      "type": "azurerm_network_security_group",
      "name": "Netscaler-nsg",
      "provider": "provider.azurerm",
      "instances": [
        {
          "schema_version": 0,
          "attributes": {
            "id": "/subscriptions/8d680bce-ff5f-44c3-8cd3-aa877e9585f2/resourceGroups/harbakshsingh/providers/Microsoft.Network/networkSecurityGroups/Netscaler-12.1-VPX-nsg",
            "location": "uksouth",
            "name": "Netscaler-12.1-VPX-nsg",
            "resource_group_name": "harbakshsingh",
            "security_rule": [
              {
                "access": "Allow",
                "description": "",
                "destination_address_prefix": "*",
                "destination_address_prefixes": [],
                "destination_application_security_group_ids": [],
                "destination_port_range": "*",
                "destination_port_ranges": [],
                "direction": "Inbound",
                "name": "Allow-icmp",
                "priority": 1020,
                "protocol": "ICMP",
                "source_address_prefix": "",
                "source_address_prefixes": [
                  "10.0.0.0/8",
                  "125.99.192.63/32",
                  "192.168.0.0/24"
                ],
                "source_application_security_group_ids": [],
                "source_port_range": "*",
                "source_port_ranges": []
              },
              {
                "access": "Allow",
                "description": "",
                "destination_address_prefix": "*",
                "destination_address_prefixes": [],
                "destination_application_security_group_ids": [],
                "destination_port_range": "22",
                "destination_port_ranges": [],
                "direction": "Inbound",
                "name": "default-allow-ssh",
                "priority": 1000,
                "protocol": "TCP",
                "source_address_prefix": "*",
                "source_address_prefixes": [],
                "source_application_security_group_ids": [],
                "source_port_range": "*",
                "source_port_ranges": []
              },
              {
                "access": "Allow",
                "description": "",
                "destination_address_prefix": "*",
                "destination_address_prefixes": [],
                "destination_application_security_group_ids": [],
                "destination_port_range": "443",
                "destination_port_ranges": [],
                "direction": "Inbound",
                "name": "Port_443",
                "priority": 1010,
                "protocol": "TCP",
                "source_address_prefix": "*",
                "source_address_prefixes": [],
                "source_application_security_group_ids": [],
                "source_port_range": "*",
                "source_port_ranges": []
              }
            ],
            "tags": {}
          },
          "private": "eyJzY2hlbWFfdmVyc2lvbiI6IjAifQ=="
        }
      ]
    },
    {
      "mode": "managed",
      "type": "azurerm_network_security_group",
      "name": "SF-nsg",
      "provider": "provider.azurerm",
      "instances": [
        {
          "schema_version": 0,
          "attributes": {
            "id": "/subscriptions/8d680bce-ff5f-44c3-8cd3-aa877e9585f2/resourceGroups/harbakshsingh/providers/Microsoft.Network/networkSecurityGroups/WIn2k19-SF01-nsg",
            "location": "uksouth",
            "name": "WIn2k19-SF01-nsg",
            "resource_group_name": "harbakshsingh",
            "security_rule": [
              {
                "access": "Allow",
                "description": "",
                "destination_address_prefix": "*",
                "destination_address_prefixes": [],
                "destination_application_security_group_ids": [],
                "destination_port_range": "3389",
                "destination_port_ranges": [],
                "direction": "Inbound",
                "name": "default-allow-rdp",
                "priority": 1000,
                "protocol": "TCP",
                "source_address_prefix": "*",
                "source_address_prefixes": [],
                "source_application_security_group_ids": [],
                "source_port_range": "*",
                "source_port_ranges": []
              }
            ],
            "tags": {}
          },
          "private": "eyJzY2hlbWFfdmVyc2lvbiI6IjAifQ=="
        }
      ]
    },
    {
      "mode": "managed",
      "type": "azurerm_resource_group",
      "name": "harbakshsingh",
      "provider": "provider.azurerm",
      "instances": [
        {
          "schema_version": 0,
          "attributes": {
            "id": "/subscriptions/8d680bce-ff5f-44c3-8cd3-aa877e9585f2/resourceGroups/harbakshsingh",
            "location": "uksouth",
            "name": "harbakshsingh",
            "tags": {
              "managed by": "harbaksh.singh@bt.com"
            }
          },
          "private": "eyJzY2hlbWFfdmVyc2lvbiI6IjAifQ=="
        }
      ]
    },
    {
      "mode": "managed",
      "type": "azurerm_virtual_machine",
      "name": "dc",
      "provider": "provider.azurerm",
      "instances": [
        {
          "schema_version": 0,
          "attributes": {
            "additional_capabilities": [],
            "availability_set_id": null,
            "boot_diagnostics": [
              {
                "enabled": true,
                "storage_uri": "https://harbakshsinghdiag.blob.core.windows.net/"
              }
            ],
            "delete_data_disks_on_termination": null,
            "delete_os_disk_on_termination": null,
            "id": "/subscriptions/8d680bce-ff5f-44c3-8cd3-aa877e9585f2/resourceGroups/harbakshsingh/providers/Microsoft.Compute/virtualMachines/WIn2k19-DC01",
            "identity": [],
            "license_type": null,
            "location": "uksouth",
            "name": "WIn2k19-DC01",
            "network_interface_ids": [
              "/subscriptions/8d680bce-ff5f-44c3-8cd3-aa877e9585f2/resourceGroups/harbakshsingh/providers/Microsoft.Network/networkInterfaces/win2k19-dc01-ni"
            ],
            "os_profile": [
              {
                "admin_password": "",
                "admin_username": "winadmin",
                "computer_name": "WIn2k19-DC01",
                "custom_data": ""
              }
            ],
            "os_profile_linux_config": [],
            "os_profile_secrets": [],
            "os_profile_windows_config": [
              {
                "additional_unattend_config": [],
                "enable_automatic_upgrades": true,
                "provision_vm_agent": true,
                "timezone": "",
                "winrm": []
              }
            ],
            "plan": [],
            "primary_network_interface_id": null,
            "proximity_placement_group_id": null,
            "resource_group_name": "harbakshsingh",
            "storage_data_disk": [],
            "storage_image_reference": [
              {
                "id": "",
                "offer": "WindowsServer",
                "publisher": "MicrosoftWindowsServer",
                "sku": "2019-Datacenter",
                "version": "latest"
              }
            ],
            "storage_os_disk": [
              {
                "caching": "ReadWrite",
                "create_option": "FromImage",
                "disk_size_gb": 256,
                "image_uri": "",
                "managed_disk_id": "/subscriptions/8d680bce-ff5f-44c3-8cd3-aa877e9585f2/resourceGroups/HARBAKSHSINGH/providers/Microsoft.Compute/disks/WIn2k19-DC01_OsDisk_1_1df0b496ad814732976f5221af2755ee",
                "managed_disk_type": "StandardSSD_LRS",
                "name": "WIn2k19-DC01_OsDisk_1_1df0b496ad814732976f5221af2755ee",
                "os_type": "Windows",
                "vhd_uri": "",
                "write_accelerator_enabled": false
              }
            ],
            "tags": {},
            "vm_size": "Standard_D4s_v3",
            "zones": []
          },
          "private": "eyJzY2hlbWFfdmVyc2lvbiI6IjAifQ=="
        }
      ]
    },
    {
      "mode": "managed",
      "type": "azurerm_virtual_machine",
      "name": "dc-backup",
      "provider": "provider.azurerm",
      "instances": [
        {
          "schema_version": 0,
          "attributes": {
            "additional_capabilities": [],
            "availability_set_id": null,
            "boot_diagnostics": [
              {
                "enabled": true,
                "storage_uri": "https://harbakshsinghdiag.blob.core.windows.net/"
              }
            ],
            "delete_data_disks_on_termination": null,
            "delete_os_disk_on_termination": null,
            "id": "/subscriptions/8d680bce-ff5f-44c3-8cd3-aa877e9585f2/resourceGroups/harbakshsingh/providers/Microsoft.Compute/virtualMachines/Win2k19-SF-DC02",
            "identity": [],
            "license_type": null,
            "location": "uksouth",
            "name": "Win2k19-SF-DC02",
            "network_interface_ids": [
              "/subscriptions/8d680bce-ff5f-44c3-8cd3-aa877e9585f2/resourceGroups/harbakshsingh/providers/Microsoft.Network/networkInterfaces/win2k19-sf-dc02810"
            ],
            "os_profile": [
              {
                "admin_password": "",
                "admin_username": "winadmin",
                "computer_name": "Win2k19-SF-DC02",
                "custom_data": ""
              }
            ],
            "os_profile_linux_config": [],
            "os_profile_secrets": [],
            "os_profile_windows_config": [
              {
                "additional_unattend_config": [],
                "enable_automatic_upgrades": true,
                "provision_vm_agent": true,
                "timezone": "",
                "winrm": []
              }
            ],
            "plan": [],
            "primary_network_interface_id": null,
            "proximity_placement_group_id": null,
            "resource_group_name": "harbakshsingh",
            "storage_data_disk": [],
            "storage_image_reference": [
              {
                "id": "",
                "offer": "WindowsServer",
                "publisher": "MicrosoftWindowsServer",
                "sku": "2019-Datacenter",
                "version": "latest"
              }
            ],
            "storage_os_disk": [
              {
                "caching": "ReadWrite",
                "create_option": "FromImage",
                "disk_size_gb": 400,
                "image_uri": "",
                "managed_disk_id": "/subscriptions/8d680bce-ff5f-44c3-8cd3-aa877e9585f2/resourceGroups/HARBAKSHSINGH/providers/Microsoft.Compute/disks/Win2k19-SF-DC02_OsDisk_1_5941e7cb0a514349a6664cb7969a0812",
                "managed_disk_type": "StandardSSD_LRS",
                "name": "Win2k19-SF-DC02_OsDisk_1_5941e7cb0a514349a6664cb7969a0812",
                "os_type": "Windows",
                "vhd_uri": "",
                "write_accelerator_enabled": false
              }
            ],
            "tags": {
              "role1": "storefront02",
              "role2": "deliverycontroller02",
              "role3": "director",
              "role4": "license-server"
            },
            "vm_size": "Standard_D4s_v3",
            "zones": []
          },
          "private": "eyJzY2hlbWFfdmVyc2lvbiI6IjAifQ=="
        }
      ]
    },
    {
      "mode": "managed",
      "type": "azurerm_virtual_machine",
      "name": "domain-controller",
      "provider": "provider.azurerm",
      "instances": [
        {
          "schema_version": 0,
          "attributes": {
            "additional_capabilities": [],
            "availability_set_id": null,
            "boot_diagnostics": [
              {
                "enabled": true,
                "storage_uri": "https://harbakshsinghdiag.blob.core.windows.net/"
              }
            ],
            "delete_data_disks_on_termination": null,
            "delete_os_disk_on_termination": null,
            "id": "/subscriptions/8d680bce-ff5f-44c3-8cd3-aa877e9585f2/resourceGroups/harbakshsingh/providers/Microsoft.Compute/virtualMachines/Windows2016-AD",
            "identity": [],
            "license_type": null,
            "location": "uksouth",
            "name": "Windows2016-AD",
            "network_interface_ids": [
              "/subscriptions/8d680bce-ff5f-44c3-8cd3-aa877e9585f2/resourceGroups/harbakshsingh/providers/Microsoft.Network/networkInterfaces/windows2016-ad578"
            ],
            "os_profile": [
              {
                "admin_password": "",
                "admin_username": "winadmin",
                "computer_name": "Windows2016-AD",
                "custom_data": ""
              }
            ],
            "os_profile_linux_config": [],
            "os_profile_secrets": [],
            "os_profile_windows_config": [
              {
                "additional_unattend_config": [],
                "enable_automatic_upgrades": true,
                "provision_vm_agent": true,
                "timezone": "",
                "winrm": []
              }
            ],
            "plan": [],
            "primary_network_interface_id": null,
            "proximity_placement_group_id": null,
            "resource_group_name": "harbakshsingh",
            "storage_data_disk": [],
            "storage_image_reference": [
              {
                "id": "",
                "offer": "WindowsServer",
                "publisher": "MicrosoftWindowsServer",
                "sku": "2016-Datacenter",
                "version": "latest"
              }
            ],
            "storage_os_disk": [
              {
                "caching": "ReadWrite",
                "create_option": "FromImage",
                "disk_size_gb": 256,
                "image_uri": "",
                "managed_disk_id": "/subscriptions/8d680bce-ff5f-44c3-8cd3-aa877e9585f2/resourceGroups/HARBAKSHSINGH/providers/Microsoft.Compute/disks/Windows2016-AD_OsDisk_1_3dc1a6cf633342eb9246d3df87ec182f",
                "managed_disk_type": "StandardSSD_LRS",
                "name": "Windows2016-AD_OsDisk_1_3dc1a6cf633342eb9246d3df87ec182f",
                "os_type": "Windows",
                "vhd_uri": "",
                "write_accelerator_enabled": false
              }
            ],
            "tags": {},
            "vm_size": "Standard_D2s_v3",
            "zones": []
          },
          "private": "eyJzY2hlbWFfdmVyc2lvbiI6IjAifQ=="
        }
      ]
    },
    {
      "mode": "managed",
      "type": "azurerm_virtual_machine",
      "name": "mi",
      "provider": "provider.azurerm",
      "instances": [
        {
          "schema_version": 0,
          "attributes": {
            "additional_capabilities": [],
            "availability_set_id": null,
            "boot_diagnostics": [
              {
                "enabled": true,
                "storage_uri": "https://harbakshsinghdiag.blob.core.windows.net/"
              }
            ],
            "delete_data_disks_on_termination": null,
            "delete_os_disk_on_termination": null,
            "id": "/subscriptions/8d680bce-ff5f-44c3-8cd3-aa877e9585f2/resourceGroups/harbakshsingh/providers/Microsoft.Compute/virtualMachines/Win2k19-MI",
            "identity": [],
            "license_type": null,
            "location": "uksouth",
            "name": "Win2k19-MI",
            "network_interface_ids": [
              "/subscriptions/8d680bce-ff5f-44c3-8cd3-aa877e9585f2/resourceGroups/harbakshsingh/providers/Microsoft.Network/networkInterfaces/win2k19-mi236"
            ],
            "os_profile": [
              {
                "admin_password": "",
                "admin_username": "winadmin",
                "computer_name": "Win2k19-MI",
                "custom_data": ""
              }
            ],
            "os_profile_linux_config": [],
            "os_profile_secrets": [],
            "os_profile_windows_config": [
              {
                "additional_unattend_config": [],
                "enable_automatic_upgrades": true,
                "provision_vm_agent": true,
                "timezone": "",
                "winrm": []
              }
            ],
            "plan": [],
            "primary_network_interface_id": null,
            "proximity_placement_group_id": null,
            "resource_group_name": "harbakshsingh",
            "storage_data_disk": [],
            "storage_image_reference": [
              {
                "id": "",
                "offer": "WindowsServer",
                "publisher": "MicrosoftWindowsServer",
                "sku": "2019-Datacenter",
                "version": "latest"
              }
            ],
            "storage_os_disk": [
              {
                "caching": "ReadWrite",
                "create_option": "FromImage",
                "disk_size_gb": 127,
                "image_uri": "",
                "managed_disk_id": "/subscriptions/8d680bce-ff5f-44c3-8cd3-aa877e9585f2/resourceGroups/HARBAKSHSINGH/providers/Microsoft.Compute/disks/Win2k19-MI_OsDisk_1_5d5fa112bcdc476a9e07fb1ca4802e79",
                "managed_disk_type": "StandardSSD_LRS",
                "name": "Win2k19-MI_OsDisk_1_5d5fa112bcdc476a9e07fb1ca4802e79",
                "os_type": "Windows",
                "vhd_uri": "",
                "write_accelerator_enabled": false
              }
            ],
            "tags": {},
            "vm_size": "Standard_DS1_v2",
            "zones": []
          },
          "private": "eyJzY2hlbWFfdmVyc2lvbiI6IjAifQ=="
        }
      ]
    },
    {
      "mode": "managed",
      "type": "azurerm_virtual_machine",
      "name": "ns",
      "provider": "provider.azurerm",
      "instances": [
        {
          "schema_version": 0,
          "attributes": {
            "additional_capabilities": [],
            "availability_set_id": null,
            "boot_diagnostics": [
              {
                "enabled": true,
                "storage_uri": "https://harbakshsinghdiag.blob.core.windows.net/"
              }
            ],
            "delete_data_disks_on_termination": null,
            "delete_os_disk_on_termination": null,
            "id": "/subscriptions/8d680bce-ff5f-44c3-8cd3-aa877e9585f2/resourceGroups/harbakshsingh/providers/Microsoft.Compute/virtualMachines/Netscaler-12.1-VPX",
            "identity": [],
            "license_type": null,
            "location": "uksouth",
            "name": "Netscaler-12.1-VPX",
            "network_interface_ids": [
              "/subscriptions/8d680bce-ff5f-44c3-8cd3-aa877e9585f2/resourceGroups/harbakshsingh/providers/Microsoft.Network/networkInterfaces/netscaler-12.1-vpx489"
            ],
            "os_profile": [
              {
                "admin_password": "",
                "admin_username": "Nsroot",
                "computer_name": "Netscaler-12.1-VPX",
                "custom_data": ""
              }
            ],
            "os_profile_linux_config": [
              {
                "disable_password_authentication": false,
                "ssh_keys": []
              }
            ],
            "os_profile_secrets": [],
            "os_profile_windows_config": [],
            "plan": [
              {
                "name": "netscalervpxexpress",
                "product": "netscalervpx-121",
                "publisher": "citrix"
              }
            ],
            "primary_network_interface_id": null,
            "proximity_placement_group_id": null,
            "resource_group_name": "harbakshsingh",
            "storage_data_disk": [],
            "storage_image_reference": [
              {
                "id": "",
                "offer": "netscalervpx-121",
                "publisher": "citrix",
                "sku": "netscalervpxexpress",
                "version": "121.57.18"
              }
            ],
            "storage_os_disk": [
              {
                "caching": "ReadWrite",
                "create_option": "FromImage",
                "disk_size_gb": 20,
                "image_uri": "",
                "managed_disk_id": "/subscriptions/8d680bce-ff5f-44c3-8cd3-aa877e9585f2/resourceGroups/HARBAKSHSINGH/providers/Microsoft.Compute/disks/Netscaler-12.1-VPX_OsDisk_1_c14e0a0740ef49728d2cbcd20d6b2c12",
                "managed_disk_type": "StandardSSD_LRS",
                "name": "Netscaler-12.1-VPX_OsDisk_1_c14e0a0740ef49728d2cbcd20d6b2c12",
                "os_type": "Linux",
                "vhd_uri": "",
                "write_accelerator_enabled": false
              }
            ],
            "tags": {},
            "vm_size": "Standard_D4s_v3",
            "zones": []
          },
          "private": "eyJzY2hlbWFfdmVyc2lvbiI6IjAifQ=="
        }
      ]
    },
    {
      "mode": "managed",
      "type": "azurerm_virtual_machine",
      "name": "sf",
      "provider": "provider.azurerm",
      "instances": [
        {
          "schema_version": 0,
          "attributes": {
            "additional_capabilities": [],
            "availability_set_id": null,
            "boot_diagnostics": [
              {
                "enabled": true,
                "storage_uri": "https://harbakshsinghdiag.blob.core.windows.net/"
              }
            ],
            "delete_data_disks_on_termination": null,
            "delete_os_disk_on_termination": null,
            "id": "/subscriptions/8d680bce-ff5f-44c3-8cd3-aa877e9585f2/resourceGroups/harbakshsingh/providers/Microsoft.Compute/virtualMachines/WIn2k19-SF01",
            "identity": [],
            "license_type": null,
            "location": "uksouth",
            "name": "WIn2k19-SF01",
            "network_interface_ids": [
              "/subscriptions/8d680bce-ff5f-44c3-8cd3-aa877e9585f2/resourceGroups/harbakshsingh/providers/Microsoft.Network/networkInterfaces/win2k19-sf01768"
            ],
            "os_profile": [
              {
                "admin_password": "",
                "admin_username": "winadmin",
                "computer_name": "WIn2k19-SF01",
                "custom_data": ""
              }
            ],
            "os_profile_linux_config": [],
            "os_profile_secrets": [],
            "os_profile_windows_config": [
              {
                "additional_unattend_config": [],
                "enable_automatic_upgrades": true,
                "provision_vm_agent": true,
                "timezone": "",
                "winrm": []
              }
            ],
            "plan": [],
            "primary_network_interface_id": null,
            "proximity_placement_group_id": null,
            "resource_group_name": "harbakshsingh",
            "storage_data_disk": [],
            "storage_image_reference": [
              {
                "id": "",
                "offer": "WindowsServer",
                "publisher": "MicrosoftWindowsServer",
                "sku": "2019-Datacenter",
                "version": "latest"
              }
            ],
            "storage_os_disk": [
              {
                "caching": "ReadWrite",
                "create_option": "FromImage",
                "disk_size_gb": 256,
                "image_uri": "",
                "managed_disk_id": "/subscriptions/8d680bce-ff5f-44c3-8cd3-aa877e9585f2/resourceGroups/HARBAKSHSINGH/providers/Microsoft.Compute/disks/WIn2k19-SF01_OsDisk_1_4d7b221f9a4f4f2a86501133ac8bb45b",
                "managed_disk_type": "StandardSSD_LRS",
                "name": "WIn2k19-SF01_OsDisk_1_4d7b221f9a4f4f2a86501133ac8bb45b",
                "os_type": "Windows",
                "vhd_uri": "",
                "write_accelerator_enabled": false
              }
            ],
            "tags": {},
            "vm_size": "Standard_D4s_v3",
            "zones": []
          },
          "private": "eyJzY2hlbWFfdmVyc2lvbiI6IjAifQ=="
        }
      ]
    },
    {
      "mode": "managed",
      "type": "azurerm_virtual_network",
      "name": "harbakshsingh-vnet",
      "provider": "provider.azurerm",
      "instances": [
        {
          "schema_version": 0,
          "attributes": {
            "address_space": [
              "10.0.0.0/24",
              "192.168.1.0/24",
              "10.1.0.0/24"
            ],
            "ddos_protection_plan": [],
            "dns_servers": [],
            "id": "/subscriptions/8d680bce-ff5f-44c3-8cd3-aa877e9585f2/resourceGroups/harbakshsingh/providers/Microsoft.Network/virtualNetworks/harbakshsingh-vnet",
            "location": "uksouth",
            "name": "harbakshsingh-vnet",
            "resource_group_name": "harbakshsingh",
            "subnet": [
              {
                "address_prefix": "10.0.0.0/24",
                "id": "/subscriptions/8d680bce-ff5f-44c3-8cd3-aa877e9585f2/resourceGroups/harbakshsingh/providers/Microsoft.Network/virtualNetworks/harbakshsingh-vnet/subnets/default",
                "name": "default",
                "security_group": ""
              },
              {
                "address_prefix": "10.1.0.0/28",
                "id": "/subscriptions/8d680bce-ff5f-44c3-8cd3-aa877e9585f2/resourceGroups/harbakshsingh/providers/Microsoft.Network/virtualNetworks/harbakshsingh-vnet/subnets/netscaler-snip-subnet",
                "name": "netscaler-snip-subnet",
                "security_group": ""
              },
              {
                "address_prefix": "10.1.0.128/27",
                "id": "/subscriptions/8d680bce-ff5f-44c3-8cd3-aa877e9585f2/resourceGroups/harbakshsingh/providers/Microsoft.Network/virtualNetworks/harbakshsingh-vnet/subnets/AzureBastionSubnet",
                "name": "AzureBastionSubnet",
                "security_group": ""
              },
              {
                "address_prefix": "192.168.1.0/28",
                "id": "/subscriptions/8d680bce-ff5f-44c3-8cd3-aa877e9585f2/resourceGroups/harbakshsingh/providers/Microsoft.Network/virtualNetworks/harbakshsingh-vnet/subnets/netscaler-vip-subnet",
                "name": "netscaler-vip-subnet",
                "security_group": ""
              }
            ],
            "tags": {}
          },
          "private": "eyJzY2hlbWFfdmVyc2lvbiI6IjAifQ=="
        }
      ]
    }
  ]
}
