{
  "version": 4,
  "terraform_version": "0.12.28",
  "serial": 183,
  "lineage": "1c25b9c0-83d3-d242-0e9e-1dafd75b8854",
  "outputs": {},
  "resources": [
    {
      "mode": "managed",
      "type": "azurerm_network_interface",
      "name": "dc-nic",
      "provider": "provider.azurerm",
      "instances": [
        {
          "schema_version": 0,
          "attributes": {
            "applied_dns_servers": [],
            "dns_servers": [],
            "enable_accelerated_networking": true,
            "enable_ip_forwarding": false,
            "id": "/subscriptions/029bae06-259d-4194-b4fe-1b32872ce776/resourceGroups/citrixrg-neth/providers/Microsoft.Network/networkInterfaces/win2k19-dc01-ni",
            "internal_dns_name_label": "",
            "internal_fqdn": "",
            "ip_configuration": [
              {
                "application_gateway_backend_address_pools_ids": [],
                "application_security_group_ids": [],
                "load_balancer_backend_address_pools_ids": [],
                "load_balancer_inbound_nat_rules_ids": [],
                "name": "ipconfig1",
                "primary": true,
                "private_ip_address": "10.40.0.4",
                "private_ip_address_allocation": "dynamic",
                "private_ip_address_version": "IPv4",
                "public_ip_address_id": "",
                "subnet_id": "/subscriptions/029bae06-259d-4194-b4fe-1b32872ce776/resourceGroups/citrixrg-neth/providers/Microsoft.Network/virtualNetworks/harbakshsingh-vnet-neth/subnets/default-neth"
              }
            ],
            "location": "westeurope",
            "mac_address": "00-0D-3A-23-6D-43",
            "name": "win2k19-dc01-ni",
            "network_security_group_id": "/subscriptions/029bae06-259d-4194-b4fe-1b32872ce776/resourceGroups/citrixrg-neth/providers/Microsoft.Network/networkSecurityGroups/WIn2k19-DC01-nsg",
            "private_ip_address": "10.40.0.4",
            "private_ip_addresses": [
              "10.40.0.4"
            ],
            "resource_group_name": "citrixrg-neth",
            "tags": {},
            "virtual_machine_id": "/subscriptions/029bae06-259d-4194-b4fe-1b32872ce776/resourceGroups/citrixrg-neth/providers/Microsoft.Compute/virtualMachines/WIn2k19-DC01"
          },
          "private": "bnVsbA==",
          "dependencies": [
            "azurerm_network_security_group.DC-nsg",
            "azurerm_resource_group.citrixrg-neth",
            "azurerm_subnet.default-neth",
            "azurerm_virtual_network.harbakshsingh-vnet-neth"
          ]
        }
      ]
    },
    {
      "mode": "managed",
      "type": "azurerm_network_interface",
      "name": "domain-controller-nic",
      "provider": "provider.azurerm",
      "instances": [
        {
          "schema_version": 0,
          "attributes": {
            "applied_dns_servers": [],
            "dns_servers": [],
            "enable_accelerated_networking": false,
            "enable_ip_forwarding": false,
            "id": "/subscriptions/029bae06-259d-4194-b4fe-1b32872ce776/resourceGroups/citrixrg/providers/Microsoft.Network/networkInterfaces/windows2016-ad578",
            "internal_dns_name_label": "",
            "internal_fqdn": "",
            "ip_configuration": [
              {
                "application_gateway_backend_address_pools_ids": [],
                "application_security_group_ids": [],
                "load_balancer_backend_address_pools_ids": [],
                "load_balancer_inbound_nat_rules_ids": [],
                "name": "ipconfig1",
                "primary": true,
                "private_ip_address": "10.0.0.4",
                "private_ip_address_allocation": "dynamic",
                "private_ip_address_version": "IPv4",
                "public_ip_address_id": "",
                "subnet_id": "/subscriptions/029bae06-259d-4194-b4fe-1b32872ce776/resourceGroups/citrixrg/providers/Microsoft.Network/virtualNetworks/harbakshsingh-vnet/subnets/default"
              }
            ],
            "location": "uksouth",
            "mac_address": "00-22-48-3F-A5-E5",
            "name": "windows2016-ad578",
            "network_security_group_id": "/subscriptions/029bae06-259d-4194-b4fe-1b32872ce776/resourceGroups/citrixrg/providers/Microsoft.Network/networkSecurityGroups/Windows2016-AD-nsg",
            "private_ip_address": "10.0.0.4",
            "private_ip_addresses": [
              "10.0.0.4"
            ],
            "resource_group_name": "citrixrg",
            "tags": {},
            "virtual_machine_id": "/subscriptions/029bae06-259d-4194-b4fe-1b32872ce776/resourceGroups/citrixrg/providers/Microsoft.Compute/virtualMachines/Windows2016-AD"
          },
          "private": "bnVsbA==",
          "dependencies": [
            "azurerm_network_security_group.DomainController-nsg",
            "azurerm_resource_group.citrixrg",
            "azurerm_subnet.default",
            "azurerm_virtual_network.harbakshsingh-vnet"
          ]
        }
      ]
    },
    {
      "mode": "managed",
      "type": "azurerm_network_interface",
      "name": "mi-nic",
      "provider": "provider.azurerm",
      "instances": [
        {
          "schema_version": 0,
          "attributes": {
            "applied_dns_servers": [],
            "dns_servers": [],
            "enable_accelerated_networking": false,
            "enable_ip_forwarding": false,
            "id": "/subscriptions/029bae06-259d-4194-b4fe-1b32872ce776/resourceGroups/citrixrg-germany/providers/Microsoft.Network/networkInterfaces/win2k19-mi236",
            "internal_dns_name_label": "",
            "internal_fqdn": "",
            "ip_configuration": [
              {
                "application_gateway_backend_address_pools_ids": [],
                "application_security_group_ids": [],
                "load_balancer_backend_address_pools_ids": [],
                "load_balancer_inbound_nat_rules_ids": [],
                "name": "ipconfig1",
                "primary": true,
                "private_ip_address": "10.30.0.4",
                "private_ip_address_allocation": "dynamic",
                "private_ip_address_version": "IPv4",
                "public_ip_address_id": "",
                "subnet_id": "/subscriptions/029bae06-259d-4194-b4fe-1b32872ce776/resourceGroups/citrixrg-germany/providers/Microsoft.Network/virtualNetworks/harbakshsingh-vnet-germany/subnets/default-germany"
              }
            ],
            "location": "germanywestcentral",
            "mac_address": "",
            "name": "win2k19-mi236",
            "network_security_group_id": "/subscriptions/029bae06-259d-4194-b4fe-1b32872ce776/resourceGroups/citrixrg-germany/providers/Microsoft.Network/networkSecurityGroups/Win2k19-MI-nsg",
            "private_ip_address": "10.30.0.4",
            "private_ip_addresses": [
              "10.30.0.4"
            ],
            "resource_group_name": "citrixrg-germany",
            "tags": {},
            "virtual_machine_id": null
          },
          "private": "bnVsbA==",
          "dependencies": [
            "azurerm_network_security_group.MI-nsg",
            "azurerm_resource_group.citrixrg-germany",
            "azurerm_subnet.default-germany",
            "azurerm_virtual_network.harbakshsingh-vnet-germany"
          ]
        }
      ]
    },
    {
      "mode": "managed",
      "type": "azurerm_network_interface",
      "name": "ns-nic",
      "provider": "provider.azurerm",
      "instances": [
        {
          "schema_version": 0,
          "attributes": {
            "applied_dns_servers": [],
            "dns_servers": [],
            "enable_accelerated_networking": false,
            "enable_ip_forwarding": false,
            "id": "/subscriptions/029bae06-259d-4194-b4fe-1b32872ce776/resourceGroups/citrixrg-paris/providers/Microsoft.Network/networkInterfaces/netscaler-12.1-vpx489",
            "internal_dns_name_label": "",
            "internal_fqdn": "",
            "ip_configuration": [
              {
                "application_gateway_backend_address_pools_ids": [],
                "application_security_group_ids": [],
                "load_balancer_backend_address_pools_ids": [],
                "load_balancer_inbound_nat_rules_ids": [],
                "name": "ipconfig1",
                "primary": true,
                "private_ip_address": "10.20.0.4",
                "private_ip_address_allocation": "dynamic",
                "private_ip_address_version": "IPv4",
                "public_ip_address_id": "",
                "subnet_id": "/subscriptions/029bae06-259d-4194-b4fe-1b32872ce776/resourceGroups/citrixrg-paris/providers/Microsoft.Network/virtualNetworks/harbakshsingh-vnet-paris/subnets/default-ireland"
              }
            ],
            "location": "francecentral",
            "mac_address": "00-0D-3A-89-B4-C5",
            "name": "netscaler-12.1-vpx489",
            "network_security_group_id": "/subscriptions/029bae06-259d-4194-b4fe-1b32872ce776/resourceGroups/citrixrg-paris/providers/Microsoft.Network/networkSecurityGroups/Netscaler-12.1-VPX-nsg",
            "private_ip_address": "10.20.0.4",
            "private_ip_addresses": [
              "10.20.0.4"
            ],
            "resource_group_name": "citrixrg-paris",
            "tags": {},
            "virtual_machine_id": "/subscriptions/029bae06-259d-4194-b4fe-1b32872ce776/resourceGroups/citrixrg-paris/providers/Microsoft.Compute/virtualMachines/Netscaler-12.1-VPX"
          },
          "private": "bnVsbA==",
          "dependencies": [
            "azurerm_network_security_group.Netscaler-nsg",
            "azurerm_resource_group.citrixrg-paris",
            "azurerm_subnet.default-paris"
          ]
        }
      ]
    },
    {
      "mode": "managed",
      "type": "azurerm_network_interface",
      "name": "sf-nic",
      "provider": "provider.azurerm",
      "instances": [
        {
          "schema_version": 0,
          "attributes": {
            "applied_dns_servers": [],
            "dns_servers": [],
            "enable_accelerated_networking": true,
            "enable_ip_forwarding": false,
            "id": "/subscriptions/029bae06-259d-4194-b4fe-1b32872ce776/resourceGroups/citrixrg-ireland/providers/Microsoft.Network/networkInterfaces/win2k19-sf01768",
            "internal_dns_name_label": "",
            "internal_fqdn": "",
            "ip_configuration": [
              {
                "application_gateway_backend_address_pools_ids": [],
                "application_security_group_ids": [],
                "load_balancer_backend_address_pools_ids": [],
                "load_balancer_inbound_nat_rules_ids": [],
                "name": "ipconfig1",
                "primary": true,
                "private_ip_address": "10.10.0.5",
                "private_ip_address_allocation": "dynamic",
                "private_ip_address_version": "IPv4",
                "public_ip_address_id": "",
                "subnet_id": "/subscriptions/029bae06-259d-4194-b4fe-1b32872ce776/resourceGroups/citrixrg-ireland/providers/Microsoft.Network/virtualNetworks/harbakshsingh-vnet-ireland/subnets/default-ireland"
              }
            ],
            "location": "northeurope",
            "mac_address": "00-0D-3A-DB-12-3F",
            "name": "win2k19-sf01768",
            "network_security_group_id": "/subscriptions/029bae06-259d-4194-b4fe-1b32872ce776/resourceGroups/citrixrg-ireland/providers/Microsoft.Network/networkSecurityGroups/WIn2k19-SF01-nsg",
            "private_ip_address": "10.10.0.5",
            "private_ip_addresses": [
              "10.10.0.5"
            ],
            "resource_group_name": "citrixrg-ireland",
            "tags": {},
            "virtual_machine_id": "/subscriptions/029bae06-259d-4194-b4fe-1b32872ce776/resourceGroups/citrixrg-ireland/providers/Microsoft.Compute/virtualMachines/WIn2k19-SF01"
          },
          "private": "bnVsbA==",
          "dependencies": [
            "azurerm_network_security_group.SF-nsg",
            "azurerm_resource_group.citrixrg-ireland",
            "azurerm_subnet.default-ireland",
            "azurerm_virtual_network.harbakshsingh-vnet-ireland"
          ]
        }
      ]
    },
    {
      "mode": "managed",
      "type": "azurerm_network_security_group",
      "name": "DC-nsg",
      "provider": "provider.azurerm",
      "instances": [
        {
          "schema_version": 0,
          "attributes": {
            "id": "/subscriptions/029bae06-259d-4194-b4fe-1b32872ce776/resourceGroups/citrixrg-neth/providers/Microsoft.Network/networkSecurityGroups/WIn2k19-DC01-nsg",
            "location": "westeurope",
            "name": "WIn2k19-DC01-nsg",
            "resource_group_name": "citrixrg-neth",
            "security_rule": [],
            "tags": {}
          },
          "private": "bnVsbA==",
          "dependencies": [
            "azurerm_resource_group.citrixrg-neth"
          ]
        }
      ]
    },
    {
      "mode": "managed",
      "type": "azurerm_network_security_group",
      "name": "DomainController-nsg",
      "provider": "provider.azurerm",
      "instances": [
        {
          "schema_version": 0,
          "attributes": {
            "id": "/subscriptions/029bae06-259d-4194-b4fe-1b32872ce776/resourceGroups/citrixrg/providers/Microsoft.Network/networkSecurityGroups/Windows2016-AD-nsg",
            "location": "uksouth",
            "name": "Windows2016-AD-nsg",
            "resource_group_name": "citrixrg",
            "security_rule": [],
            "tags": {}
          },
          "private": "bnVsbA==",
          "dependencies": [
            "azurerm_resource_group.citrixrg"
          ]
        }
      ]
    },
    {
      "mode": "managed",
      "type": "azurerm_network_security_group",
      "name": "MI-nsg",
      "provider": "provider.azurerm",
      "instances": [
        {
          "schema_version": 0,
          "attributes": {
            "id": "/subscriptions/029bae06-259d-4194-b4fe-1b32872ce776/resourceGroups/citrixrg-germany/providers/Microsoft.Network/networkSecurityGroups/Win2k19-MI-nsg",
            "location": "germanywestcentral",
            "name": "Win2k19-MI-nsg",
            "resource_group_name": "citrixrg-germany",
            "security_rule": [],
            "tags": {}
          },
          "private": "bnVsbA==",
          "dependencies": [
            "azurerm_resource_group.citrixrg-germany"
          ]
        }
      ]
    },
    {
      "mode": "managed",
      "type": "azurerm_network_security_group",
      "name": "Netscaler-nsg",
      "provider": "provider.azurerm",
      "instances": [
        {
          "schema_version": 0,
          "attributes": {
            "id": "/subscriptions/029bae06-259d-4194-b4fe-1b32872ce776/resourceGroups/citrixrg-paris/providers/Microsoft.Network/networkSecurityGroups/Netscaler-12.1-VPX-nsg",
            "location": "francecentral",
            "name": "Netscaler-12.1-VPX-nsg",
            "resource_group_name": "citrixrg-paris",
            "security_rule": [],
            "tags": {}
          },
          "private": "bnVsbA==",
          "dependencies": [
            "azurerm_resource_group.citrixrg-paris"
          ]
        }
      ]
    },
    {
      "mode": "managed",
      "type": "azurerm_network_security_group",
      "name": "SF-nsg",
      "provider": "provider.azurerm",
      "instances": [
        {
          "schema_version": 0,
          "attributes": {
            "id": "/subscriptions/029bae06-259d-4194-b4fe-1b32872ce776/resourceGroups/citrixrg-ireland/providers/Microsoft.Network/networkSecurityGroups/WIn2k19-SF01-nsg",
            "location": "northeurope",
            "name": "WIn2k19-SF01-nsg",
            "resource_group_name": "citrixrg-ireland",
            "security_rule": [],
            "tags": {}
          },
          "private": "bnVsbA==",
          "dependencies": [
            "azurerm_resource_group.citrixrg-ireland"
          ]
        }
      ]
    },
    {
      "mode": "managed",
      "type": "azurerm_resource_group",
      "name": "citrixrg",
      "provider": "provider.azurerm",
      "instances": [
        {
          "schema_version": 0,
          "attributes": {
            "id": "/subscriptions/029bae06-259d-4194-b4fe-1b32872ce776/resourceGroups/citrixrg",
            "location": "uksouth",
            "name": "citrixrg",
            "tags": {}
          },
          "private": "bnVsbA=="
        }
      ]
    },
    {
      "mode": "managed",
      "type": "azurerm_resource_group",
      "name": "citrixrg-germany",
      "provider": "provider.azurerm",
      "instances": [
        {
          "schema_version": 0,
          "attributes": {
            "id": "/subscriptions/029bae06-259d-4194-b4fe-1b32872ce776/resourceGroups/citrixrg-germany",
            "location": "germanywestcentral",
            "name": "citrixrg-germany",
            "tags": {}
          },
          "private": "bnVsbA=="
        }
      ]
    },
    {
      "mode": "managed",
      "type": "azurerm_resource_group",
      "name": "citrixrg-ireland",
      "provider": "provider.azurerm",
      "instances": [
        {
          "schema_version": 0,
          "attributes": {
            "id": "/subscriptions/029bae06-259d-4194-b4fe-1b32872ce776/resourceGroups/citrixrg-ireland",
            "location": "northeurope",
            "name": "citrixrg-ireland",
            "tags": {}
          },
          "private": "bnVsbA=="
        }
      ]
    },
    {
      "mode": "managed",
      "type": "azurerm_resource_group",
      "name": "citrixrg-neth",
      "provider": "provider.azurerm",
      "instances": [
        {
          "schema_version": 0,
          "attributes": {
            "id": "/subscriptions/029bae06-259d-4194-b4fe-1b32872ce776/resourceGroups/citrixrg-neth",
            "location": "westeurope",
            "name": "citrixrg-neth",
            "tags": {}
          },
          "private": "bnVsbA=="
        }
      ]
    },
    {
      "mode": "managed",
      "type": "azurerm_resource_group",
      "name": "citrixrg-paris",
      "provider": "provider.azurerm",
      "instances": [
        {
          "schema_version": 0,
          "attributes": {
            "id": "/subscriptions/029bae06-259d-4194-b4fe-1b32872ce776/resourceGroups/citrixrg-paris",
            "location": "francecentral",
            "name": "citrixrg-paris",
            "tags": {}
          },
          "private": "bnVsbA=="
        }
      ]
    },
    {
      "mode": "managed",
      "type": "azurerm_storage_account",
      "name": "strgacccitrix",
      "provider": "provider.azurerm",
      "instances": [
        {
          "schema_version": 2,
          "attributes": {
            "access_tier": "",
            "account_encryption_source": "Microsoft.Storage",
            "account_kind": "Storage",
            "account_replication_type": "LRS",
            "account_tier": "Standard",
            "account_type": "Standard_LRS",
            "custom_domain": [],
            "enable_advanced_threat_protection": false,
            "enable_blob_encryption": true,
            "enable_file_encryption": true,
            "enable_https_traffic_only": false,
            "id": "/subscriptions/029bae06-259d-4194-b4fe-1b32872ce776/resourceGroups/citrixrg/providers/Microsoft.Storage/storageAccounts/strgacccitrix",
            "identity": [],
            "is_hns_enabled": false,
            "location": "uksouth",
            "name": "strgacccitrix",
            "network_rules": [],
            "primary_access_key": "qqoJVYxqYl14Dp3n8gTjsdhhL6TOEr++DhODh3rE1uT0yJAQzxfAUBD7UdIc1KlSfvkcTHceRURvmpZk9YbJ0w==",
            "primary_blob_connection_string": "DefaultEndpointsProtocol=https;BlobEndpoint=https://strgacccitrix.blob.core.windows.net/;AccountName=strgacccitrix;AccountKey=qqoJVYxqYl14Dp3n8gTjsdhhL6TOEr++DhODh3rE1uT0yJAQzxfAUBD7UdIc1KlSfvkcTHceRURvmpZk9YbJ0w==",
            "primary_blob_endpoint": "https://strgacccitrix.blob.core.windows.net/",
            "primary_blob_host": "strgacccitrix.blob.core.windows.net",
            "primary_connection_string": "DefaultEndpointsProtocol=https;AccountName=strgacccitrix;AccountKey=qqoJVYxqYl14Dp3n8gTjsdhhL6TOEr++DhODh3rE1uT0yJAQzxfAUBD7UdIc1KlSfvkcTHceRURvmpZk9YbJ0w==;EndpointSuffix=core.windows.net",
            "primary_dfs_endpoint": "",
            "primary_dfs_host": "",
            "primary_file_endpoint": "https://strgacccitrix.file.core.windows.net/",
            "primary_file_host": "strgacccitrix.file.core.windows.net",
            "primary_location": "uksouth",
            "primary_queue_endpoint": "https://strgacccitrix.queue.core.windows.net/",
            "primary_queue_host": "strgacccitrix.queue.core.windows.net",
            "primary_table_endpoint": "https://strgacccitrix.table.core.windows.net/",
            "primary_table_host": "strgacccitrix.table.core.windows.net",
            "primary_web_endpoint": "",
            "primary_web_host": "",
            "queue_properties": [
              {
                "cors_rule": [],
                "hour_metrics": [
                  {
                    "enabled": true,
                    "include_apis": true,
                    "retention_policy_days": 7,
                    "version": "1.0"
                  }
                ],
                "logging": [
                  {
                    "delete": false,
                    "read": false,
                    "retention_policy_days": 0,
                    "version": "1.0",
                    "write": false
                  }
                ],
                "minute_metrics": [
                  {
                    "enabled": false,
                    "include_apis": false,
                    "retention_policy_days": 0,
                    "version": "1.0"
                  }
                ]
              }
            ],
            "resource_group_name": "citrixrg",
            "secondary_access_key": "kGWLgf+NJjlDkhSKZG3DLGs0NEB8IT5RnhTi5HuqaS0XciZhL0MmyKa0KFj73eQan22QhO7oxZL9Thg5dLqHIg==",
            "secondary_blob_connection_string": "",
            "secondary_blob_endpoint": null,
            "secondary_blob_host": null,
            "secondary_connection_string": "DefaultEndpointsProtocol=https;AccountName=strgacccitrix;AccountKey=kGWLgf+NJjlDkhSKZG3DLGs0NEB8IT5RnhTi5HuqaS0XciZhL0MmyKa0KFj73eQan22QhO7oxZL9Thg5dLqHIg==;EndpointSuffix=core.windows.net",
            "secondary_dfs_endpoint": null,
            "secondary_dfs_host": null,
            "secondary_file_endpoint": null,
            "secondary_file_host": null,
            "secondary_location": "",
            "secondary_queue_endpoint": null,
            "secondary_queue_host": null,
            "secondary_table_endpoint": null,
            "secondary_table_host": null,
            "secondary_web_endpoint": null,
            "secondary_web_host": null,
            "tags": {}
          },
          "private": "eyJzY2hlbWFfdmVyc2lvbiI6IjIifQ==",
          "dependencies": [
            "azurerm_resource_group.citrixrg"
          ]
        }
      ]
    },
    {
      "mode": "managed",
      "type": "azurerm_storage_account",
      "name": "strgacccitrixireland",
      "provider": "provider.azurerm",
      "instances": [
        {
          "schema_version": 2,
          "attributes": {
            "access_tier": "",
            "account_encryption_source": "Microsoft.Storage",
            "account_kind": "Storage",
            "account_replication_type": "LRS",
            "account_tier": "Standard",
            "account_type": "Standard_LRS",
            "custom_domain": [],
            "enable_advanced_threat_protection": false,
            "enable_blob_encryption": true,
            "enable_file_encryption": true,
            "enable_https_traffic_only": false,
            "id": "/subscriptions/029bae06-259d-4194-b4fe-1b32872ce776/resourceGroups/citrixrg-ireland/providers/Microsoft.Storage/storageAccounts/strgacccitrixireland",
            "identity": [],
            "is_hns_enabled": false,
            "location": "northeurope",
            "name": "strgacccitrixireland",
            "network_rules": [],
            "primary_access_key": "Y9bewna/1iFhVeAFj4HhtqVUc+BxQaMjFAAfi+HE95m/fiaJiBpH4up0atixzWHyC4kLbNObo1JYEF/Sl69drA==",
            "primary_blob_connection_string": "DefaultEndpointsProtocol=https;BlobEndpoint=https://strgacccitrixireland.blob.core.windows.net/;AccountName=strgacccitrixireland;AccountKey=Y9bewna/1iFhVeAFj4HhtqVUc+BxQaMjFAAfi+HE95m/fiaJiBpH4up0atixzWHyC4kLbNObo1JYEF/Sl69drA==",
            "primary_blob_endpoint": "https://strgacccitrixireland.blob.core.windows.net/",
            "primary_blob_host": "strgacccitrixireland.blob.core.windows.net",
            "primary_connection_string": "DefaultEndpointsProtocol=https;AccountName=strgacccitrixireland;AccountKey=Y9bewna/1iFhVeAFj4HhtqVUc+BxQaMjFAAfi+HE95m/fiaJiBpH4up0atixzWHyC4kLbNObo1JYEF/Sl69drA==;EndpointSuffix=core.windows.net",
            "primary_dfs_endpoint": "",
            "primary_dfs_host": "",
            "primary_file_endpoint": "https://strgacccitrixireland.file.core.windows.net/",
            "primary_file_host": "strgacccitrixireland.file.core.windows.net",
            "primary_location": "northeurope",
            "primary_queue_endpoint": "https://strgacccitrixireland.queue.core.windows.net/",
            "primary_queue_host": "strgacccitrixireland.queue.core.windows.net",
            "primary_table_endpoint": "https://strgacccitrixireland.table.core.windows.net/",
            "primary_table_host": "strgacccitrixireland.table.core.windows.net",
            "primary_web_endpoint": "",
            "primary_web_host": "",
            "queue_properties": [
              {
                "cors_rule": [],
                "hour_metrics": [
                  {
                    "enabled": true,
                    "include_apis": true,
                    "retention_policy_days": 7,
                    "version": "1.0"
                  }
                ],
                "logging": [
                  {
                    "delete": false,
                    "read": false,
                    "retention_policy_days": 0,
                    "version": "1.0",
                    "write": false
                  }
                ],
                "minute_metrics": [
                  {
                    "enabled": false,
                    "include_apis": false,
                    "retention_policy_days": 0,
                    "version": "1.0"
                  }
                ]
              }
            ],
            "resource_group_name": "citrixrg-ireland",
            "secondary_access_key": "oFlaIFQoWFxF3F8RyJnN0nI7oJdoxTej8NfLv3xDDZLsYvP42fNY9U+fBQ+qgNoP0CBOBElMjasC96L8KtRCwg==",
            "secondary_blob_connection_string": "",
            "secondary_blob_endpoint": null,
            "secondary_blob_host": null,
            "secondary_connection_string": "DefaultEndpointsProtocol=https;AccountName=strgacccitrixireland;AccountKey=oFlaIFQoWFxF3F8RyJnN0nI7oJdoxTej8NfLv3xDDZLsYvP42fNY9U+fBQ+qgNoP0CBOBElMjasC96L8KtRCwg==;EndpointSuffix=core.windows.net",
            "secondary_dfs_endpoint": null,
            "secondary_dfs_host": null,
            "secondary_file_endpoint": null,
            "secondary_file_host": null,
            "secondary_location": "",
            "secondary_queue_endpoint": null,
            "secondary_queue_host": null,
            "secondary_table_endpoint": null,
            "secondary_table_host": null,
            "secondary_web_endpoint": null,
            "secondary_web_host": null,
            "tags": {}
          },
          "private": "eyJzY2hlbWFfdmVyc2lvbiI6IjIifQ==",
          "dependencies": [
            "azurerm_resource_group.citrixrg-ireland"
          ]
        }
      ]
    },
    {
      "mode": "managed",
      "type": "azurerm_storage_account",
      "name": "strgacccitrixparis",
      "provider": "provider.azurerm",
      "instances": [
        {
          "schema_version": 2,
          "attributes": {
            "access_tier": "",
            "account_encryption_source": "Microsoft.Storage",
            "account_kind": "Storage",
            "account_replication_type": "LRS",
            "account_tier": "Standard",
            "account_type": "Standard_LRS",
            "custom_domain": [],
            "enable_advanced_threat_protection": false,
            "enable_blob_encryption": true,
            "enable_file_encryption": true,
            "enable_https_traffic_only": false,
            "id": "/subscriptions/029bae06-259d-4194-b4fe-1b32872ce776/resourceGroups/citrixrg-paris/providers/Microsoft.Storage/storageAccounts/strgacccitrixparis",
            "identity": [],
            "is_hns_enabled": false,
            "location": "francecentral",
            "name": "strgacccitrixparis",
            "network_rules": [],
            "primary_access_key": "eNgEzlO2OCJplWPIV1kY2bPiRMcXXh/1waf9bBBD9vUdZZa0XD4MZ6QeXr9Hvdr2wN1Hr2H8mcbNbH/yIhIr5w==",
            "primary_blob_connection_string": "DefaultEndpointsProtocol=https;BlobEndpoint=https://strgacccitrixparis.blob.core.windows.net/;AccountName=strgacccitrixparis;AccountKey=eNgEzlO2OCJplWPIV1kY2bPiRMcXXh/1waf9bBBD9vUdZZa0XD4MZ6QeXr9Hvdr2wN1Hr2H8mcbNbH/yIhIr5w==",
            "primary_blob_endpoint": "https://strgacccitrixparis.blob.core.windows.net/",
            "primary_blob_host": "strgacccitrixparis.blob.core.windows.net",
            "primary_connection_string": "DefaultEndpointsProtocol=https;AccountName=strgacccitrixparis;AccountKey=eNgEzlO2OCJplWPIV1kY2bPiRMcXXh/1waf9bBBD9vUdZZa0XD4MZ6QeXr9Hvdr2wN1Hr2H8mcbNbH/yIhIr5w==;EndpointSuffix=core.windows.net",
            "primary_dfs_endpoint": "",
            "primary_dfs_host": "",
            "primary_file_endpoint": "https://strgacccitrixparis.file.core.windows.net/",
            "primary_file_host": "strgacccitrixparis.file.core.windows.net",
            "primary_location": "francecentral",
            "primary_queue_endpoint": "https://strgacccitrixparis.queue.core.windows.net/",
            "primary_queue_host": "strgacccitrixparis.queue.core.windows.net",
            "primary_table_endpoint": "https://strgacccitrixparis.table.core.windows.net/",
            "primary_table_host": "strgacccitrixparis.table.core.windows.net",
            "primary_web_endpoint": "",
            "primary_web_host": "",
            "queue_properties": [
              {
                "cors_rule": [],
                "hour_metrics": [
                  {
                    "enabled": true,
                    "include_apis": true,
                    "retention_policy_days": 7,
                    "version": "1.0"
                  }
                ],
                "logging": [
                  {
                    "delete": false,
                    "read": false,
                    "retention_policy_days": 0,
                    "version": "1.0",
                    "write": false
                  }
                ],
                "minute_metrics": [
                  {
                    "enabled": false,
                    "include_apis": false,
                    "retention_policy_days": 0,
                    "version": "1.0"
                  }
                ]
              }
            ],
            "resource_group_name": "citrixrg-paris",
            "secondary_access_key": "ZVmagZpTMwfCTPzACFUh38ROINpc6rtLCg7eD+PPYTQEGFVBIU+uettwxS02fN8fb7t7vAm/y7OzZSX/jmQZ5Q==",
            "secondary_blob_connection_string": "",
            "secondary_blob_endpoint": null,
            "secondary_blob_host": null,
            "secondary_connection_string": "DefaultEndpointsProtocol=https;AccountName=strgacccitrixparis;AccountKey=ZVmagZpTMwfCTPzACFUh38ROINpc6rtLCg7eD+PPYTQEGFVBIU+uettwxS02fN8fb7t7vAm/y7OzZSX/jmQZ5Q==;EndpointSuffix=core.windows.net",
            "secondary_dfs_endpoint": null,
            "secondary_dfs_host": null,
            "secondary_file_endpoint": null,
            "secondary_file_host": null,
            "secondary_location": "",
            "secondary_queue_endpoint": null,
            "secondary_queue_host": null,
            "secondary_table_endpoint": null,
            "secondary_table_host": null,
            "secondary_web_endpoint": null,
            "secondary_web_host": null,
            "tags": {}
          },
          "private": "eyJzY2hlbWFfdmVyc2lvbiI6IjIifQ==",
          "dependencies": [
            "azurerm_resource_group.citrixrg-paris"
          ]
        }
      ]
    },
    {
      "mode": "managed",
      "type": "azurerm_subnet",
      "name": "default",
      "provider": "provider.azurerm",
      "instances": [
        {
          "schema_version": 0,
          "attributes": {
            "address_prefix": "10.0.0.0/24",
            "delegation": [],
            "enforce_private_link_endpoint_network_policies": false,
            "enforce_private_link_service_network_policies": false,
            "id": "/subscriptions/029bae06-259d-4194-b4fe-1b32872ce776/resourceGroups/citrixrg/providers/Microsoft.Network/virtualNetworks/harbakshsingh-vnet/subnets/default",
            "ip_configurations": [
              "/subscriptions/029bae06-259d-4194-b4fe-1b32872ce776/resourceGroups/citrixrg/providers/Microsoft.Network/networkInterfaces/windows2016-ad578/ipConfigurations/ipconfig1"
            ],
            "name": "default",
            "network_security_group_id": "",
            "resource_group_name": "citrixrg",
            "route_table_id": "",
            "service_endpoints": [],
            "virtual_network_name": "harbakshsingh-vnet"
          },
          "private": "bnVsbA==",
          "dependencies": [
            "azurerm_resource_group.citrixrg",
            "azurerm_virtual_network.harbakshsingh-vnet"
          ]
        }
      ]
    },
    {
      "mode": "managed",
      "type": "azurerm_subnet",
      "name": "default-germany",
      "provider": "provider.azurerm",
      "instances": [
        {
          "schema_version": 0,
          "attributes": {
            "address_prefix": "10.30.0.0/24",
            "delegation": [],
            "enforce_private_link_endpoint_network_policies": false,
            "enforce_private_link_service_network_policies": false,
            "id": "/subscriptions/029bae06-259d-4194-b4fe-1b32872ce776/resourceGroups/citrixrg-germany/providers/Microsoft.Network/virtualNetworks/harbakshsingh-vnet-germany/subnets/default-germany",
            "ip_configurations": [],
            "name": "default-germany",
            "network_security_group_id": "",
            "resource_group_name": "citrixrg-germany",
            "route_table_id": "",
            "service_endpoints": null,
            "virtual_network_name": "harbakshsingh-vnet-germany"
          },
          "private": "bnVsbA==",
          "dependencies": [
            "azurerm_resource_group.citrixrg-germany",
            "azurerm_virtual_network.harbakshsingh-vnet-germany"
          ]
        }
      ]
    },
    {
      "mode": "managed",
      "type": "azurerm_subnet",
      "name": "default-ireland",
      "provider": "provider.azurerm",
      "instances": [
        {
          "schema_version": 0,
          "attributes": {
            "address_prefix": "10.10.0.0/24",
            "delegation": [],
            "enforce_private_link_endpoint_network_policies": false,
            "enforce_private_link_service_network_policies": false,
            "id": "/subscriptions/029bae06-259d-4194-b4fe-1b32872ce776/resourceGroups/citrixrg-ireland/providers/Microsoft.Network/virtualNetworks/harbakshsingh-vnet-ireland/subnets/default-ireland",
            "ip_configurations": [
              "/subscriptions/029bae06-259d-4194-b4fe-1b32872ce776/resourceGroups/citrixrg-ireland/providers/Microsoft.Network/networkInterfaces/win2k19-sf01768/ipConfigurations/ipconfig1"
            ],
            "name": "default-ireland",
            "network_security_group_id": "",
            "resource_group_name": "citrixrg-ireland",
            "route_table_id": "",
            "service_endpoints": [],
            "virtual_network_name": "harbakshsingh-vnet-ireland"
          },
          "private": "bnVsbA==",
          "dependencies": [
            "azurerm_resource_group.citrixrg-ireland",
            "azurerm_virtual_network.harbakshsingh-vnet-ireland"
          ]
        }
      ]
    },
    {
      "mode": "managed",
      "type": "azurerm_subnet",
      "name": "default-neth",
      "provider": "provider.azurerm",
      "instances": [
        {
          "schema_version": 0,
          "attributes": {
            "address_prefix": "10.40.0.0/24",
            "delegation": [],
            "enforce_private_link_endpoint_network_policies": false,
            "enforce_private_link_service_network_policies": false,
            "id": "/subscriptions/029bae06-259d-4194-b4fe-1b32872ce776/resourceGroups/citrixrg-neth/providers/Microsoft.Network/virtualNetworks/harbakshsingh-vnet-neth/subnets/default-neth",
            "ip_configurations": [
              "/subscriptions/029bae06-259d-4194-b4fe-1b32872ce776/resourceGroups/citrixrg-neth/providers/Microsoft.Network/networkInterfaces/win2k19-dc01-ni/ipConfigurations/ipconfig1"
            ],
            "name": "default-neth",
            "network_security_group_id": "",
            "resource_group_name": "citrixrg-neth",
            "route_table_id": "",
            "service_endpoints": [],
            "virtual_network_name": "harbakshsingh-vnet-neth"
          },
          "private": "bnVsbA==",
          "dependencies": [
            "azurerm_resource_group.citrixrg-neth",
            "azurerm_virtual_network.harbakshsingh-vnet-neth"
          ]
        }
      ]
    },
    {
      "mode": "managed",
      "type": "azurerm_subnet",
      "name": "default-paris",
      "provider": "provider.azurerm",
      "instances": [
        {
          "schema_version": 0,
          "attributes": {
            "address_prefix": "10.20.0.0/24",
            "delegation": [],
            "enforce_private_link_endpoint_network_policies": false,
            "enforce_private_link_service_network_policies": false,
            "id": "/subscriptions/029bae06-259d-4194-b4fe-1b32872ce776/resourceGroups/citrixrg-paris/providers/Microsoft.Network/virtualNetworks/harbakshsingh-vnet-paris/subnets/default-ireland",
            "ip_configurations": [
              "/subscriptions/029bae06-259d-4194-b4fe-1b32872ce776/resourceGroups/citrixrg-paris/providers/Microsoft.Network/networkInterfaces/netscaler-12.1-vpx489/ipConfigurations/ipconfig1"
            ],
            "name": "default-ireland",
            "network_security_group_id": "",
            "resource_group_name": "citrixrg-paris",
            "route_table_id": "",
            "service_endpoints": [],
            "virtual_network_name": "harbakshsingh-vnet-paris"
          },
          "private": "bnVsbA==",
          "dependencies": [
            "azurerm_resource_group.citrixrg-paris",
            "azurerm_virtual_network.harbakshsingh-vnet-paris"
          ]
        }
      ]
    },
    {
      "mode": "managed",
      "type": "azurerm_virtual_machine",
      "name": "dc",
      "provider": "provider.azurerm",
      "instances": [
        {
          "schema_version": 0,
          "attributes": {
            "additional_capabilities": [],
            "availability_set_id": null,
            "boot_diagnostics": [],
            "delete_data_disks_on_termination": false,
            "delete_os_disk_on_termination": false,
            "id": "/subscriptions/029bae06-259d-4194-b4fe-1b32872ce776/resourceGroups/citrixrg-neth/providers/Microsoft.Compute/virtualMachines/WIn2k19-DC01",
            "identity": [],
            "license_type": null,
            "location": "westeurope",
            "name": "WIn2k19-DC01",
            "network_interface_ids": [
              "/subscriptions/029bae06-259d-4194-b4fe-1b32872ce776/resourceGroups/citrixrg-neth/providers/Microsoft.Network/networkInterfaces/win2k19-dc01-ni"
            ],
            "os_profile": [
              {
                "admin_password": "",
                "admin_username": "winadmin",
                "computer_name": "WIn2k19-DC01",
                "custom_data": ""
              }
            ],
            "os_profile_linux_config": [],
            "os_profile_secrets": [],
            "os_profile_windows_config": [
              {
                "additional_unattend_config": [],
                "enable_automatic_upgrades": true,
                "provision_vm_agent": true,
                "timezone": "",
                "winrm": []
              }
            ],
            "plan": [],
            "primary_network_interface_id": null,
            "proximity_placement_group_id": null,
            "resource_group_name": "citrixrg-neth",
            "storage_data_disk": [],
            "storage_image_reference": [
              {
                "id": "",
                "offer": "WindowsServer",
                "publisher": "MicrosoftWindowsServer",
                "sku": "2019-Datacenter",
                "version": "latest"
              }
            ],
            "storage_os_disk": [
              {
                "caching": "ReadWrite",
                "create_option": "FromImage",
                "disk_size_gb": 127,
                "image_uri": "",
                "managed_disk_id": "/subscriptions/029bae06-259d-4194-b4fe-1b32872ce776/resourceGroups/CITRIXRG-NETH/providers/Microsoft.Compute/disks/dcdisk1",
                "managed_disk_type": "Standard_LRS",
                "name": "dcdisk1",
                "os_type": "Windows",
                "vhd_uri": "",
                "write_accelerator_enabled": false
              }
            ],
            "tags": {},
            "vm_size": "Standard_D4s_v3",
            "zones": []
          },
          "private": "bnVsbA==",
          "dependencies": [
            "azurerm_network_interface.dc-nic",
            "azurerm_network_security_group.DC-nsg",
            "azurerm_resource_group.citrixrg-neth",
            "azurerm_subnet.default-neth",
            "azurerm_virtual_network.harbakshsingh-vnet-neth"
          ]
        }
      ]
    },
    {
      "mode": "managed",
      "type": "azurerm_virtual_machine",
      "name": "domain-controller",
      "provider": "provider.azurerm",
      "instances": [
        {
          "schema_version": 0,
          "attributes": {
            "additional_capabilities": [],
            "availability_set_id": null,
            "boot_diagnostics": [],
            "delete_data_disks_on_termination": false,
            "delete_os_disk_on_termination": false,
            "id": "/subscriptions/029bae06-259d-4194-b4fe-1b32872ce776/resourceGroups/citrixrg/providers/Microsoft.Compute/virtualMachines/Windows2016-AD",
            "identity": [],
            "license_type": null,
            "location": "uksouth",
            "name": "Windows2016-AD",
            "network_interface_ids": [
              "/subscriptions/029bae06-259d-4194-b4fe-1b32872ce776/resourceGroups/citrixrg/providers/Microsoft.Network/networkInterfaces/windows2016-ad578"
            ],
            "os_profile": [
              {
                "admin_password": "",
                "admin_username": "winadmin",
                "computer_name": "Windows2016-AD",
                "custom_data": ""
              }
            ],
            "os_profile_linux_config": [],
            "os_profile_secrets": [],
            "os_profile_windows_config": [
              {
                "additional_unattend_config": [],
                "enable_automatic_upgrades": true,
                "provision_vm_agent": true,
                "timezone": "",
                "winrm": []
              }
            ],
            "plan": [],
            "primary_network_interface_id": null,
            "proximity_placement_group_id": null,
            "resource_group_name": "citrixrg",
            "storage_data_disk": [],
            "storage_image_reference": [
              {
                "id": "",
                "offer": "WindowsServer",
                "publisher": "MicrosoftWindowsServer",
                "sku": "2016-Datacenter",
                "version": "latest"
              }
            ],
            "storage_os_disk": [
              {
                "caching": "ReadWrite",
                "create_option": "FromImage",
                "disk_size_gb": 127,
                "image_uri": "",
                "managed_disk_id": "/subscriptions/029bae06-259d-4194-b4fe-1b32872ce776/resourceGroups/CITRIXRG/providers/Microsoft.Compute/disks/domain-controller-disk1",
                "managed_disk_type": "Standard_LRS",
                "name": "domain-controller-disk1",
                "os_type": "Windows",
                "vhd_uri": "",
                "write_accelerator_enabled": false
              }
            ],
            "tags": {},
            "vm_size": "Standard_D4s_v3",
            "zones": []
          },
          "private": "bnVsbA==",
          "dependencies": [
            "azurerm_network_interface.domain-controller-nic",
            "azurerm_resource_group.citrixrg"
          ]
        }
      ]
    },
    {
      "mode": "managed",
      "type": "azurerm_virtual_machine",
      "name": "mi",
      "provider": "provider.azurerm",
      "instances": [
        {
          "schema_version": 0,
          "attributes": {
            "additional_capabilities": [],
            "availability_set_id": null,
            "boot_diagnostics": [],
            "delete_data_disks_on_termination": false,
            "delete_os_disk_on_termination": false,
            "id": "/subscriptions/029bae06-259d-4194-b4fe-1b32872ce776/resourceGroups/citrixrg-germany/providers/Microsoft.Compute/virtualMachines/Win2k19-MI",
            "identity": [],
            "license_type": null,
            "location": "germanywestcentral",
            "name": "Win2k19-MI",
            "network_interface_ids": [
              "/subscriptions/029bae06-259d-4194-b4fe-1b32872ce776/resourceGroups/citrixrg-germany/providers/Microsoft.Network/networkInterfaces/win2k19-mi236"
            ],
            "os_profile": [
              {
                "admin_password": "",
                "admin_username": "winadmin",
                "computer_name": "Win2k19-MI",
                "custom_data": ""
              }
            ],
            "os_profile_linux_config": [],
            "os_profile_secrets": [],
            "os_profile_windows_config": [
              {
                "additional_unattend_config": [],
                "enable_automatic_upgrades": true,
                "provision_vm_agent": true,
                "timezone": "",
                "winrm": []
              }
            ],
            "plan": [],
            "primary_network_interface_id": null,
            "proximity_placement_group_id": null,
            "resource_group_name": "citrixrg-germany",
            "storage_data_disk": [],
            "storage_image_reference": [
              {
                "id": "",
                "offer": "WindowsServer",
                "publisher": "MicrosoftWindowsServer",
                "sku": "2019-Datacenter",
                "version": "latest"
              }
            ],
            "storage_os_disk": [
              {
                "caching": "ReadWrite",
                "create_option": "FromImage",
                "disk_size_gb": 127,
                "image_uri": "",
                "managed_disk_id": "/subscriptions/029bae06-259d-4194-b4fe-1b32872ce776/resourceGroups/CITRIXRG-GERMANY/providers/Microsoft.Compute/disks/mi-disk1",
                "managed_disk_type": "Standard_LRS",
                "name": "mi-disk1",
                "os_type": "Windows",
                "vhd_uri": "",
                "write_accelerator_enabled": false
              }
            ],
            "tags": {},
            "vm_size": "Standard_DS1_v2",
            "zones": null
          },
          "private": "bnVsbA==",
          "dependencies": [
            "azurerm_network_interface.mi-nic",
            "azurerm_network_security_group.MI-nsg",
            "azurerm_resource_group.citrixrg-germany",
            "azurerm_subnet.default-germany",
            "azurerm_virtual_network.harbakshsingh-vnet-germany"
          ]
        }
      ]
    },
    {
      "mode": "managed",
      "type": "azurerm_virtual_machine",
      "name": "ns",
      "provider": "provider.azurerm",
      "instances": [
        {
          "schema_version": 0,
          "attributes": {
            "additional_capabilities": [],
            "availability_set_id": null,
            "boot_diagnostics": [],
            "delete_data_disks_on_termination": false,
            "delete_os_disk_on_termination": false,
            "id": "/subscriptions/029bae06-259d-4194-b4fe-1b32872ce776/resourceGroups/citrixrg-paris/providers/Microsoft.Compute/virtualMachines/Netscaler-12.1-VPX",
            "identity": [],
            "license_type": null,
            "location": "francecentral",
            "name": "Netscaler-12.1-VPX",
            "network_interface_ids": [
              "/subscriptions/029bae06-259d-4194-b4fe-1b32872ce776/resourceGroups/citrixrg-paris/providers/Microsoft.Network/networkInterfaces/netscaler-12.1-vpx489"
            ],
            "os_profile": [
              {
                "admin_password": "",
                "admin_username": "Nsroot",
                "computer_name": "Netscaler-12.1-VPX",
                "custom_data": ""
              }
            ],
            "os_profile_linux_config": [
              {
                "disable_password_authentication": false,
                "ssh_keys": []
              }
            ],
            "os_profile_secrets": [],
            "os_profile_windows_config": [],
            "plan": [
              {
                "name": "netscalervpxexpress",
                "product": "netscalervpx-121",
                "publisher": "citrix"
              }
            ],
            "primary_network_interface_id": null,
            "proximity_placement_group_id": null,
            "resource_group_name": "citrixrg-paris",
            "storage_data_disk": [],
            "storage_image_reference": [
              {
                "id": "",
                "offer": "netscalervpx-121",
                "publisher": "citrix",
                "sku": "netscalervpxexpress",
                "version": "121.57.18"
              }
            ],
            "storage_os_disk": [
              {
                "caching": "ReadWrite",
                "create_option": "FromImage",
                "disk_size_gb": 20,
                "image_uri": "",
                "managed_disk_id": "/subscriptions/029bae06-259d-4194-b4fe-1b32872ce776/resourceGroups/CITRIXRG-PARIS/providers/Microsoft.Compute/disks/nsdisk1",
                "managed_disk_type": "Standard_LRS",
                "name": "nsdisk1",
                "os_type": "Linux",
                "vhd_uri": "",
                "write_accelerator_enabled": false
              }
            ],
            "tags": {},
            "vm_size": "Standard_D4s_v3",
            "zones": []
          },
          "private": "bnVsbA==",
          "dependencies": [
            "azurerm_network_interface.ns-nic",
            "azurerm_resource_group.citrixrg-paris"
          ]
        }
      ]
    },
    {
      "mode": "managed",
      "type": "azurerm_virtual_machine",
      "name": "sf",
      "provider": "provider.azurerm",
      "instances": [
        {
          "schema_version": 0,
          "attributes": {
            "additional_capabilities": [],
            "availability_set_id": null,
            "boot_diagnostics": [],
            "delete_data_disks_on_termination": false,
            "delete_os_disk_on_termination": false,
            "id": "/subscriptions/029bae06-259d-4194-b4fe-1b32872ce776/resourceGroups/citrixrg-ireland/providers/Microsoft.Compute/virtualMachines/WIn2k19-SF01",
            "identity": [],
            "license_type": null,
            "location": "northeurope",
            "name": "WIn2k19-SF01",
            "network_interface_ids": [
              "/subscriptions/029bae06-259d-4194-b4fe-1b32872ce776/resourceGroups/citrixrg-ireland/providers/Microsoft.Network/networkInterfaces/win2k19-sf01768"
            ],
            "os_profile": [
              {
                "admin_password": "",
                "admin_username": "winadmin",
                "computer_name": "WIn2k19-SF01",
                "custom_data": ""
              }
            ],
            "os_profile_linux_config": [],
            "os_profile_secrets": [],
            "os_profile_windows_config": [
              {
                "additional_unattend_config": [],
                "enable_automatic_upgrades": true,
                "provision_vm_agent": true,
                "timezone": "",
                "winrm": []
              }
            ],
            "plan": [],
            "primary_network_interface_id": null,
            "proximity_placement_group_id": null,
            "resource_group_name": "citrixrg-ireland",
            "storage_data_disk": [],
            "storage_image_reference": [
              {
                "id": "",
                "offer": "WindowsServer",
                "publisher": "MicrosoftWindowsServer",
                "sku": "2019-Datacenter",
                "version": "latest"
              }
            ],
            "storage_os_disk": [
              {
                "caching": "ReadWrite",
                "create_option": "FromImage",
                "disk_size_gb": 127,
                "image_uri": "",
                "managed_disk_id": "/subscriptions/029bae06-259d-4194-b4fe-1b32872ce776/resourceGroups/CITRIXRG-IRELAND/providers/Microsoft.Compute/disks/sf-disk1",
                "managed_disk_type": "Standard_LRS",
                "name": "sf-disk1",
                "os_type": "Windows",
                "vhd_uri": "",
                "write_accelerator_enabled": false
              }
            ],
            "tags": {},
            "vm_size": "Standard_D4s_v3",
            "zones": []
          },
          "private": "bnVsbA==",
          "dependencies": [
            "azurerm_network_interface.sf-nic",
            "azurerm_resource_group.citrixrg-ireland"
          ]
        }
      ]
    },
    {
      "mode": "managed",
      "type": "azurerm_virtual_network",
      "name": "harbakshsingh-vnet",
      "provider": "provider.azurerm",
      "instances": [
        {
          "schema_version": 0,
          "attributes": {
            "address_space": [
              "10.0.0.0/24",
              "192.168.1.0/24",
              "10.1.0.0/24"
            ],
            "ddos_protection_plan": [],
            "dns_servers": [],
            "id": "/subscriptions/029bae06-259d-4194-b4fe-1b32872ce776/resourceGroups/citrixrg/providers/Microsoft.Network/virtualNetworks/harbakshsingh-vnet",
            "location": "uksouth",
            "name": "harbakshsingh-vnet",
            "resource_group_name": "citrixrg",
            "subnet": [
              {
                "address_prefix": "10.0.0.0/24",
                "id": "/subscriptions/029bae06-259d-4194-b4fe-1b32872ce776/resourceGroups/citrixrg/providers/Microsoft.Network/virtualNetworks/harbakshsingh-vnet/subnets/default",
                "name": "default",
                "security_group": ""
              }
            ],
            "tags": {}
          },
          "private": "bnVsbA==",
          "dependencies": [
            "azurerm_resource_group.citrixrg"
          ]
        }
      ]
    },
    {
      "mode": "managed",
      "type": "azurerm_virtual_network",
      "name": "harbakshsingh-vnet-germany",
      "provider": "provider.azurerm",
      "instances": [
        {
          "schema_version": 0,
          "attributes": {
            "address_space": [
              "10.30.0.0/24",
              "192.168.4.0/24",
              "10.31.0.0/24"
            ],
            "ddos_protection_plan": [],
            "dns_servers": null,
            "id": "/subscriptions/029bae06-259d-4194-b4fe-1b32872ce776/resourceGroups/citrixrg-germany/providers/Microsoft.Network/virtualNetworks/harbakshsingh-vnet-germany",
            "location": "germanywestcentral",
            "name": "harbakshsingh-vnet-germany",
            "resource_group_name": "citrixrg-germany",
            "subnet": [],
            "tags": {}
          },
          "private": "bnVsbA==",
          "dependencies": [
            "azurerm_resource_group.citrixrg-germany"
          ]
        }
      ]
    },
    {
      "mode": "managed",
      "type": "azurerm_virtual_network",
      "name": "harbakshsingh-vnet-ireland",
      "provider": "provider.azurerm",
      "instances": [
        {
          "schema_version": 0,
          "attributes": {
            "address_space": [
              "10.10.0.0/24",
              "192.168.2.0/24",
              "10.11.0.0/24"
            ],
            "ddos_protection_plan": [],
            "dns_servers": [],
            "id": "/subscriptions/029bae06-259d-4194-b4fe-1b32872ce776/resourceGroups/citrixrg-ireland/providers/Microsoft.Network/virtualNetworks/harbakshsingh-vnet-ireland",
            "location": "northeurope",
            "name": "harbakshsingh-vnet-ireland",
            "resource_group_name": "citrixrg-ireland",
            "subnet": [
              {
                "address_prefix": "10.10.0.0/24",
                "id": "/subscriptions/029bae06-259d-4194-b4fe-1b32872ce776/resourceGroups/citrixrg-ireland/providers/Microsoft.Network/virtualNetworks/harbakshsingh-vnet-ireland/subnets/default-ireland",
                "name": "default-ireland",
                "security_group": ""
              }
            ],
            "tags": {}
          },
          "private": "bnVsbA==",
          "dependencies": [
            "azurerm_resource_group.citrixrg-ireland"
          ]
        }
      ]
    },
    {
      "mode": "managed",
      "type": "azurerm_virtual_network",
      "name": "harbakshsingh-vnet-neth",
      "provider": "provider.azurerm",
      "instances": [
        {
          "schema_version": 0,
          "attributes": {
            "address_space": [
              "10.40.0.0/24",
              "192.168.5.0/24",
              "10.41.0.0/24"
            ],
            "ddos_protection_plan": [],
            "dns_servers": [],
            "id": "/subscriptions/029bae06-259d-4194-b4fe-1b32872ce776/resourceGroups/citrixrg-neth/providers/Microsoft.Network/virtualNetworks/harbakshsingh-vnet-neth",
            "location": "westeurope",
            "name": "harbakshsingh-vnet-neth",
            "resource_group_name": "citrixrg-neth",
            "subnet": [
              {
                "address_prefix": "10.40.0.0/24",
                "id": "/subscriptions/029bae06-259d-4194-b4fe-1b32872ce776/resourceGroups/citrixrg-neth/providers/Microsoft.Network/virtualNetworks/harbakshsingh-vnet-neth/subnets/default-neth",
                "name": "default-neth",
                "security_group": ""
              }
            ],
            "tags": {}
          },
          "private": "bnVsbA==",
          "dependencies": [
            "azurerm_resource_group.citrixrg-neth"
          ]
        }
      ]
    },
    {
      "mode": "managed",
      "type": "azurerm_virtual_network",
      "name": "harbakshsingh-vnet-paris",
      "provider": "provider.azurerm",
      "instances": [
        {
          "schema_version": 0,
          "attributes": {
            "address_space": [
              "10.20.0.0/24",
              "192.168.3.0/24",
              "10.21.0.0/24"
            ],
            "ddos_protection_plan": [],
            "dns_servers": [],
            "id": "/subscriptions/029bae06-259d-4194-b4fe-1b32872ce776/resourceGroups/citrixrg-paris/providers/Microsoft.Network/virtualNetworks/harbakshsingh-vnet-paris",
            "location": "francecentral",
            "name": "harbakshsingh-vnet-paris",
            "resource_group_name": "citrixrg-paris",
            "subnet": [
              {
                "address_prefix": "10.20.0.0/24",
                "id": "/subscriptions/029bae06-259d-4194-b4fe-1b32872ce776/resourceGroups/citrixrg-paris/providers/Microsoft.Network/virtualNetworks/harbakshsingh-vnet-paris/subnets/default-ireland",
                "name": "default-ireland",
                "security_group": ""
              }
            ],
            "tags": {}
          },
          "private": "bnVsbA==",
          "dependencies": [
            "azurerm_resource_group.citrixrg-paris"
          ]
        }
      ]
    }
  ]
}
